// !$*UTF8*$!
{
	archiveVersion = 1;
	classes = {
	};
	objectVersion = 46;
	objects = {

/* Begin PBXBuildFile section */
		3E71D5621C90521A001DEF9A /* main.m in Sources */ = {isa = PBXBuildFile; fileRef = 3E71D5611C90521A001DEF9A /* main.m */; };
		3E71D5651C90521A001DEF9A /* AppDelegate.m in Sources */ = {isa = PBXBuildFile; fileRef = 3E71D5641C90521A001DEF9A /* AppDelegate.m */; };
		3E71D5681C90521A001DEF9A /* ViewController.m in Sources */ = {isa = PBXBuildFile; fileRef = 3E71D5671C90521A001DEF9A /* ViewController.m */; };
		3E71D56B1C90521A001DEF9A /* Main.storyboard in Resources */ = {isa = PBXBuildFile; fileRef = 3E71D5691C90521A001DEF9A /* Main.storyboard */; };
		3E71D56D1C90521A001DEF9A /* Assets.xcassets in Resources */ = {isa = PBXBuildFile; fileRef = 3E71D56C1C90521A001DEF9A /* Assets.xcassets */; };
		3E71D5701C90521A001DEF9A /* LaunchScreen.storyboard in Resources */ = {isa = PBXBuildFile; fileRef = 3E71D56E1C90521A001DEF9A /* LaunchScreen.storyboard */; };
		3E71D57B1C90521B001DEF9A /* SleepAfterReadingTests.m in Sources */ = {isa = PBXBuildFile; fileRef = 3E71D57A1C90521B001DEF9A /* SleepAfterReadingTests.m */; };
		3E71D5861C90521B001DEF9A /* SleepAfterReadingUITests.m in Sources */ = {isa = PBXBuildFile; fileRef = 3E71D5851C90521B001DEF9A /* SleepAfterReadingUITests.m */; };
		3E71D6761C90598E001DEF9A /* FUIAlertView.m in Sources */ = {isa = PBXBuildFile; fileRef = 3E71D5F41C90598D001DEF9A /* FUIAlertView.m */; };
		3E71D6771C90598E001DEF9A /* FUIButton.m in Sources */ = {isa = PBXBuildFile; fileRef = 3E71D5F61C90598D001DEF9A /* FUIButton.m */; };
		3E71D6781C90598E001DEF9A /* FUICellBackgroundView.m in Sources */ = {isa = PBXBuildFile; fileRef = 3E71D5F81C90598D001DEF9A /* FUICellBackgroundView.m */; };
		3E71D6791C90598E001DEF9A /* FUIPopoverBackgroundView.m in Sources */ = {isa = PBXBuildFile; fileRef = 3E71D5FA1C90598D001DEF9A /* FUIPopoverBackgroundView.m */; };
		3E71D67A1C90598E001DEF9A /* FUISegmentedControl.m in Sources */ = {isa = PBXBuildFile; fileRef = 3E71D5FC1C90598D001DEF9A /* FUISegmentedControl.m */; };
		3E71D67B1C90598E001DEF9A /* FUISwitch.m in Sources */ = {isa = PBXBuildFile; fileRef = 3E71D5FE1C90598D001DEF9A /* FUISwitch.m */; };
		3E71D67C1C90598E001DEF9A /* FUITextField.m in Sources */ = {isa = PBXBuildFile; fileRef = 3E71D6001C90598D001DEF9A /* FUITextField.m */; };
		3E71D67D1C90598E001DEF9A /* NSString+Icons.m in Sources */ = {isa = PBXBuildFile; fileRef = 3E71D6021C90598D001DEF9A /* NSString+Icons.m */; };
		3E71D67E1C90598E001DEF9A /* UIBarButtonItem+FlatUI.m in Sources */ = {isa = PBXBuildFile; fileRef = 3E71D6041C90598D001DEF9A /* UIBarButtonItem+FlatUI.m */; };
		3E71D67F1C90598E001DEF9A /* UIColor+FlatUI.m in Sources */ = {isa = PBXBuildFile; fileRef = 3E71D6061C90598E001DEF9A /* UIColor+FlatUI.m */; };
		3E71D6801C90598E001DEF9A /* UIFont+FlatUI.m in Sources */ = {isa = PBXBuildFile; fileRef = 3E71D6081C90598E001DEF9A /* UIFont+FlatUI.m */; };
		3E71D6811C90598E001DEF9A /* UIImage+FlatUI.m in Sources */ = {isa = PBXBuildFile; fileRef = 3E71D60A1C90598E001DEF9A /* UIImage+FlatUI.m */; };
		3E71D6821C90598E001DEF9A /* UINavigationBar+FlatUI.m in Sources */ = {isa = PBXBuildFile; fileRef = 3E71D60C1C90598E001DEF9A /* UINavigationBar+FlatUI.m */; };
		3E71D6831C90598E001DEF9A /* UIPopoverController+FlatUI.m in Sources */ = {isa = PBXBuildFile; fileRef = 3E71D60E1C90598E001DEF9A /* UIPopoverController+FlatUI.m */; };
		3E71D6841C90598E001DEF9A /* UIProgressView+FlatUI.m in Sources */ = {isa = PBXBuildFile; fileRef = 3E71D6101C90598E001DEF9A /* UIProgressView+FlatUI.m */; };
		3E71D6851C90598E001DEF9A /* UISlider+FlatUI.m in Sources */ = {isa = PBXBuildFile; fileRef = 3E71D6121C90598E001DEF9A /* UISlider+FlatUI.m */; };
		3E71D6861C90598E001DEF9A /* UIStepper+FlatUI.m in Sources */ = {isa = PBXBuildFile; fileRef = 3E71D6141C90598E001DEF9A /* UIStepper+FlatUI.m */; };
		3E71D6871C90598E001DEF9A /* UITabBar+FlatUI.m in Sources */ = {isa = PBXBuildFile; fileRef = 3E71D6161C90598E001DEF9A /* UITabBar+FlatUI.m */; };
		3E71D6881C90598E001DEF9A /* UITableViewCell+FlatUI.m in Sources */ = {isa = PBXBuildFile; fileRef = 3E71D6181C90598E001DEF9A /* UITableViewCell+FlatUI.m */; };
		3E71D6891C90598E001DEF9A /* UIToolbar+FlatUI.m in Sources */ = {isa = PBXBuildFile; fileRef = 3E71D61A1C90598E001DEF9A /* UIToolbar+FlatUI.m */; };
		3E71D68A1C90598E001DEF9A /* LICENSE in Resources */ = {isa = PBXBuildFile; fileRef = 3E71D61B1C90598E001DEF9A /* LICENSE */; };
		3E71D68B1C90598E001DEF9A /* README.markdown in Sources */ = {isa = PBXBuildFile; fileRef = 3E71D61C1C90598E001DEF9A /* README.markdown */; };
		3E71D68C1C90598E001DEF9A /* flat-ui-icons-regular.ttf in Resources */ = {isa = PBXBuildFile; fileRef = 3E71D61E1C90598E001DEF9A /* flat-ui-icons-regular.ttf */; };
		3E71D68D1C90598E001DEF9A /* Lato-Bold.ttf in Resources */ = {isa = PBXBuildFile; fileRef = 3E71D61F1C90598E001DEF9A /* Lato-Bold.ttf */; };
		3E71D68E1C90598E001DEF9A /* Lato-Italic.ttf in Resources */ = {isa = PBXBuildFile; fileRef = 3E71D6201C90598E001DEF9A /* Lato-Italic.ttf */; };
		3E71D68F1C90598E001DEF9A /* Lato-Light.ttf in Resources */ = {isa = PBXBuildFile; fileRef = 3E71D6211C90598E001DEF9A /* Lato-Light.ttf */; };
		3E71D6901C90598E001DEF9A /* Lato-Regular.ttf in Resources */ = {isa = PBXBuildFile; fileRef = 3E71D6221C90598E001DEF9A /* Lato-Regular.ttf */; };
		3E71D6911C90598E001DEF9A /* Foundation+Log.m in Sources */ = {isa = PBXBuildFile; fileRef = 3E71D6231C90598E001DEF9A /* Foundation+Log.m */; };
		3E71D6921C90598E001DEF9A /* MBProgressHUD.m in Sources */ = {isa = PBXBuildFile; fileRef = 3E71D6261C90598E001DEF9A /* MBProgressHUD.m */; };
		3E71D6931C90598E001DEF9A /* MJRefreshAutoFooter.m in Sources */ = {isa = PBXBuildFile; fileRef = 3E71D62A1C90598E001DEF9A /* MJRefreshAutoFooter.m */; };
		3E71D6941C90598E001DEF9A /* MJRefreshBackFooter.m in Sources */ = {isa = PBXBuildFile; fileRef = 3E71D62C1C90598E001DEF9A /* MJRefreshBackFooter.m */; };
		3E71D6951C90598E001DEF9A /* MJRefreshComponent.m in Sources */ = {isa = PBXBuildFile; fileRef = 3E71D62E1C90598E001DEF9A /* MJRefreshComponent.m */; };
		3E71D6961C90598E001DEF9A /* MJRefreshFooter.m in Sources */ = {isa = PBXBuildFile; fileRef = 3E71D6301C90598E001DEF9A /* MJRefreshFooter.m */; };
		3E71D6971C90598E001DEF9A /* MJRefreshHeader.m in Sources */ = {isa = PBXBuildFile; fileRef = 3E71D6321C90598E001DEF9A /* MJRefreshHeader.m */; };
		3E71D6981C90598E001DEF9A /* MJRefreshAutoGifFooter.m in Sources */ = {isa = PBXBuildFile; fileRef = 3E71D6371C90598E001DEF9A /* MJRefreshAutoGifFooter.m */; };
		3E71D6991C90598E001DEF9A /* MJRefreshAutoNormalFooter.m in Sources */ = {isa = PBXBuildFile; fileRef = 3E71D6391C90598E001DEF9A /* MJRefreshAutoNormalFooter.m */; };
		3E71D69A1C90598E001DEF9A /* MJRefreshAutoStateFooter.m in Sources */ = {isa = PBXBuildFile; fileRef = 3E71D63B1C90598E001DEF9A /* MJRefreshAutoStateFooter.m */; };
		3E71D69B1C90598E001DEF9A /* MJRefreshBackGifFooter.m in Sources */ = {isa = PBXBuildFile; fileRef = 3E71D63E1C90598E001DEF9A /* MJRefreshBackGifFooter.m */; };
		3E71D69C1C90598E001DEF9A /* MJRefreshBackNormalFooter.m in Sources */ = {isa = PBXBuildFile; fileRef = 3E71D6401C90598E001DEF9A /* MJRefreshBackNormalFooter.m */; };
		3E71D69D1C90598E001DEF9A /* MJRefreshBackStateFooter.m in Sources */ = {isa = PBXBuildFile; fileRef = 3E71D6421C90598E001DEF9A /* MJRefreshBackStateFooter.m */; };
		3E71D69E1C90598E001DEF9A /* MJRefreshGifHeader.m in Sources */ = {isa = PBXBuildFile; fileRef = 3E71D6451C90598E001DEF9A /* MJRefreshGifHeader.m */; };
		3E71D69F1C90598E001DEF9A /* MJRefreshNormalHeader.m in Sources */ = {isa = PBXBuildFile; fileRef = 3E71D6471C90598E001DEF9A /* MJRefreshNormalHeader.m */; };
		3E71D6A01C90598E001DEF9A /* MJRefreshStateHeader.m in Sources */ = {isa = PBXBuildFile; fileRef = 3E71D6491C90598E001DEF9A /* MJRefreshStateHeader.m */; };
		3E71D6A11C90598E001DEF9A /* MJRefresh.bundle in Resources */ = {isa = PBXBuildFile; fileRef = 3E71D64A1C90598E001DEF9A /* MJRefresh.bundle */; };
		3E71D6A21C90598E001DEF9A /* MJRefreshConst.m in Sources */ = {isa = PBXBuildFile; fileRef = 3E71D64D1C90598E001DEF9A /* MJRefreshConst.m */; };
		3E71D6A31C90598E001DEF9A /* UIScrollView+MJExtension.m in Sources */ = {isa = PBXBuildFile; fileRef = 3E71D64F1C90598E001DEF9A /* UIScrollView+MJExtension.m */; };
		3E71D6A41C90598E001DEF9A /* UIScrollView+MJRefresh.m in Sources */ = {isa = PBXBuildFile; fileRef = 3E71D6511C90598E001DEF9A /* UIScrollView+MJRefresh.m */; };
		3E71D6A51C90598E001DEF9A /* UIView+MJExtension.m in Sources */ = {isa = PBXBuildFile; fileRef = 3E71D6531C90598E001DEF9A /* UIView+MJExtension.m */; };
		3E71D6A61C90598E001DEF9A /* MKAnnotationView+WebCache.m in Sources */ = {isa = PBXBuildFile; fileRef = 3E71D6561C90598E001DEF9A /* MKAnnotationView+WebCache.m */; };
		3E71D6A71C90598E001DEF9A /* NSData+ImageContentType.m in Sources */ = {isa = PBXBuildFile; fileRef = 3E71D6581C90598E001DEF9A /* NSData+ImageContentType.m */; };
		3E71D6A81C90598E001DEF9A /* SDImageCache.m in Sources */ = {isa = PBXBuildFile; fileRef = 3E71D65A1C90598E001DEF9A /* SDImageCache.m */; };
		3E71D6A91C90598E001DEF9A /* SDWebImageCompat.m in Sources */ = {isa = PBXBuildFile; fileRef = 3E71D65C1C90598E001DEF9A /* SDWebImageCompat.m */; };
		3E71D6AA1C90598E001DEF9A /* SDWebImageDecoder.m in Sources */ = {isa = PBXBuildFile; fileRef = 3E71D65E1C90598E001DEF9A /* SDWebImageDecoder.m */; };
		3E71D6AB1C90598E001DEF9A /* SDWebImageDownloader.m in Sources */ = {isa = PBXBuildFile; fileRef = 3E71D6601C90598E001DEF9A /* SDWebImageDownloader.m */; };
		3E71D6AC1C90598E001DEF9A /* SDWebImageDownloaderOperation.m in Sources */ = {isa = PBXBuildFile; fileRef = 3E71D6621C90598E001DEF9A /* SDWebImageDownloaderOperation.m */; };
		3E71D6AD1C90598E001DEF9A /* SDWebImageManager.m in Sources */ = {isa = PBXBuildFile; fileRef = 3E71D6641C90598E001DEF9A /* SDWebImageManager.m */; };
		3E71D6AE1C90598E001DEF9A /* SDWebImagePrefetcher.m in Sources */ = {isa = PBXBuildFile; fileRef = 3E71D6671C90598E001DEF9A /* SDWebImagePrefetcher.m */; };
		3E71D6AF1C90598E001DEF9A /* UIButton+WebCache.m in Sources */ = {isa = PBXBuildFile; fileRef = 3E71D6691C90598E001DEF9A /* UIButton+WebCache.m */; };
		3E71D6B01C90598E001DEF9A /* UIImage+GIF.m in Sources */ = {isa = PBXBuildFile; fileRef = 3E71D66B1C90598E001DEF9A /* UIImage+GIF.m */; };
		3E71D6B11C90598E001DEF9A /* UIImage+MultiFormat.m in Sources */ = {isa = PBXBuildFile; fileRef = 3E71D66D1C90598E001DEF9A /* UIImage+MultiFormat.m */; };
		3E71D6B21C90598E001DEF9A /* UIImage+WebP.m in Sources */ = {isa = PBXBuildFile; fileRef = 3E71D66F1C90598E001DEF9A /* UIImage+WebP.m */; };
		3E71D6B31C90598E001DEF9A /* UIImageView+HighlightedWebCache.m in Sources */ = {isa = PBXBuildFile; fileRef = 3E71D6711C90598E001DEF9A /* UIImageView+HighlightedWebCache.m */; };
		3E71D6B41C90598E001DEF9A /* UIImageView+WebCache.m in Sources */ = {isa = PBXBuildFile; fileRef = 3E71D6731C90598E001DEF9A /* UIImageView+WebCache.m */; };
		3E71D6B51C90598E001DEF9A /* UIView+WebCacheOperation.m in Sources */ = {isa = PBXBuildFile; fileRef = 3E71D6751C90598E001DEF9A /* UIView+WebCacheOperation.m */; };
		3E71D6B81C9059D0001DEF9A /* RTBaseNavController.m in Sources */ = {isa = PBXBuildFile; fileRef = 3E71D6B71C9059D0001DEF9A /* RTBaseNavController.m */; };
		3E71D6BB1C9059F2001DEF9A /* RTMainTabViewController.m in Sources */ = {isa = PBXBuildFile; fileRef = 3E71D6BA1C9059F2001DEF9A /* RTMainTabViewController.m */; };
		3E71D6BE1C905A09001DEF9A /* RTBaseTableViewController.m in Sources */ = {isa = PBXBuildFile; fileRef = 3E71D6BD1C905A09001DEF9A /* RTBaseTableViewController.m */; };
		3E71D6C11C905B0B001DEF9A /* RTBusinessViewController.m in Sources */ = {isa = PBXBuildFile; fileRef = 3E71D6C01C905B0B001DEF9A /* RTBusinessViewController.m */; };
		3E71D6C41C905B22001DEF9A /* RTHomeViewController.m in Sources */ = {isa = PBXBuildFile; fileRef = 3E71D6C31C905B22001DEF9A /* RTHomeViewController.m */; };
		3E71D6CB1C905D7C001DEF9A /* DPAPI.m in Sources */ = {isa = PBXBuildFile; fileRef = 3E71D6C71C905D7C001DEF9A /* DPAPI.m */; };
		3E71D6CC1C905D7C001DEF9A /* DPRequest.m in Sources */ = {isa = PBXBuildFile; fileRef = 3E71D6CA1C905D7C001DEF9A /* DPRequest.m */; };
		3E71D6CF1C905EFB001DEF9A /* RTMetaDataTools.m in Sources */ = {isa = PBXBuildFile; fileRef = 3E71D6CE1C905EFB001DEF9A /* RTMetaDataTools.m */; };
		3E71D6D21C905F4D001DEF9A /* TRMainTableViewCell.m in Sources */ = {isa = PBXBuildFile; fileRef = 3E71D6D11C905F4D001DEF9A /* TRMainTableViewCell.m */; };
		3E71D6D41C905F64001DEF9A /* TRMainTableViewCell.xib in Resources */ = {isa = PBXBuildFile; fileRef = 3E71D6D31C905F64001DEF9A /* TRMainTableViewCell.xib */; };
/* End PBXBuildFile section */

/* Begin PBXContainerItemProxy section */
		3E71D5771C90521B001DEF9A /* PBXContainerItemProxy */ = {
			isa = PBXContainerItemProxy;
			containerPortal = 3E71D5551C90521A001DEF9A /* Project object */;
			proxyType = 1;
			remoteGlobalIDString = 3E71D55C1C90521A001DEF9A;
			remoteInfo = SleepAfterReading;
		};
		3E71D5821C90521B001DEF9A /* PBXContainerItemProxy */ = {
			isa = PBXContainerItemProxy;
			containerPortal = 3E71D5551C90521A001DEF9A /* Project object */;
			proxyType = 1;
			remoteGlobalIDString = 3E71D55C1C90521A001DEF9A;
			remoteInfo = SleepAfterReading;
		};
/* End PBXContainerItemProxy section */

/* Begin PBXFileReference section */
		3E71D55D1C90521A001DEF9A /* SleepAfterReading.app */ = {isa = PBXFileReference; explicitFileType = wrapper.application; includeInIndex = 0; path = SleepAfterReading.app; sourceTree = BUILT_PRODUCTS_DIR; };
		3E71D5611C90521A001DEF9A /* main.m */ = {isa = PBXFileReference; lastKnownFileType = sourcecode.c.objc; path = main.m; sourceTree = "<group>"; };
		3E71D5631C90521A001DEF9A /* AppDelegate.h */ = {isa = PBXFileReference; lastKnownFileType = sourcecode.c.h; path = AppDelegate.h; sourceTree = "<group>"; };
		3E71D5641C90521A001DEF9A /* AppDelegate.m */ = {isa = PBXFileReference; lastKnownFileType = sourcecode.c.objc; path = AppDelegate.m; sourceTree = "<group>"; };
		3E71D5661C90521A001DEF9A /* ViewController.h */ = {isa = PBXFileReference; lastKnownFileType = sourcecode.c.h; path = ViewController.h; sourceTree = "<group>"; };
		3E71D5671C90521A001DEF9A /* ViewController.m */ = {isa = PBXFileReference; lastKnownFileType = sourcecode.c.objc; path = ViewController.m; sourceTree = "<group>"; };
		3E71D56A1C90521A001DEF9A /* Base */ = {isa = PBXFileReference; lastKnownFileType = file.storyboard; name = Base; path = Base.lproj/Main.storyboard; sourceTree = "<group>"; };
		3E71D56C1C90521A001DEF9A /* Assets.xcassets */ = {isa = PBXFileReference; lastKnownFileType = folder.assetcatalog; path = Assets.xcassets; sourceTree = "<group>"; };
		3E71D56F1C90521A001DEF9A /* Base */ = {isa = PBXFileReference; lastKnownFileType = file.storyboard; name = Base; path = Base.lproj/LaunchScreen.storyboard; sourceTree = "<group>"; };
		3E71D5711C90521A001DEF9A /* Info.plist */ = {isa = PBXFileReference; lastKnownFileType = text.plist.xml; path = Info.plist; sourceTree = "<group>"; };
		3E71D5761C90521B001DEF9A /* SleepAfterReadingTests.xctest */ = {isa = PBXFileReference; explicitFileType = wrapper.cfbundle; includeInIndex = 0; path = SleepAfterReadingTests.xctest; sourceTree = BUILT_PRODUCTS_DIR; };
		3E71D57A1C90521B001DEF9A /* SleepAfterReadingTests.m */ = {isa = PBXFileReference; lastKnownFileType = sourcecode.c.objc; path = SleepAfterReadingTests.m; sourceTree = "<group>"; };
		3E71D57C1C90521B001DEF9A /* Info.plist */ = {isa = PBXFileReference; lastKnownFileType = text.plist.xml; path = Info.plist; sourceTree = "<group>"; };
		3E71D5811C90521B001DEF9A /* SleepAfterReadingUITests.xctest */ = {isa = PBXFileReference; explicitFileType = wrapper.cfbundle; includeInIndex = 0; path = SleepAfterReadingUITests.xctest; sourceTree = BUILT_PRODUCTS_DIR; };
		3E71D5851C90521B001DEF9A /* SleepAfterReadingUITests.m */ = {isa = PBXFileReference; lastKnownFileType = sourcecode.c.objc; path = SleepAfterReadingUITests.m; sourceTree = "<group>"; };
		3E71D5871C90521B001DEF9A /* Info.plist */ = {isa = PBXFileReference; lastKnownFileType = text.plist.xml; path = Info.plist; sourceTree = "<group>"; };
		3E71D5F21C90598D001DEF9A /* FlatUIKit.h */ = {isa = PBXFileReference; fileEncoding = 4; lastKnownFileType = sourcecode.c.h; path = FlatUIKit.h; sourceTree = "<group>"; };
		3E71D5F31C90598D001DEF9A /* FUIAlertView.h */ = {isa = PBXFileReference; fileEncoding = 4; lastKnownFileType = sourcecode.c.h; path = FUIAlertView.h; sourceTree = "<group>"; };
		3E71D5F41C90598D001DEF9A /* FUIAlertView.m */ = {isa = PBXFileReference; fileEncoding = 4; lastKnownFileType = sourcecode.c.objc; path = FUIAlertView.m; sourceTree = "<group>"; };
		3E71D5F51C90598D001DEF9A /* FUIButton.h */ = {isa = PBXFileReference; fileEncoding = 4; lastKnownFileType = sourcecode.c.h; path = FUIButton.h; sourceTree = "<group>"; };
		3E71D5F61C90598D001DEF9A /* FUIButton.m */ = {isa = PBXFileReference; fileEncoding = 4; lastKnownFileType = sourcecode.c.objc; path = FUIButton.m; sourceTree = "<group>"; };
		3E71D5F71C90598D001DEF9A /* FUICellBackgroundView.h */ = {isa = PBXFileReference; fileEncoding = 4; lastKnownFileType = sourcecode.c.h; path = FUICellBackgroundView.h; sourceTree = "<group>"; };
		3E71D5F81C90598D001DEF9A /* FUICellBackgroundView.m */ = {isa = PBXFileReference; fileEncoding = 4; lastKnownFileType = sourcecode.c.objc; path = FUICellBackgroundView.m; sourceTree = "<group>"; };
		3E71D5F91C90598D001DEF9A /* FUIPopoverBackgroundView.h */ = {isa = PBXFileReference; fileEncoding = 4; lastKnownFileType = sourcecode.c.h; path = FUIPopoverBackgroundView.h; sourceTree = "<group>"; };
		3E71D5FA1C90598D001DEF9A /* FUIPopoverBackgroundView.m */ = {isa = PBXFileReference; fileEncoding = 4; lastKnownFileType = sourcecode.c.objc; path = FUIPopoverBackgroundView.m; sourceTree = "<group>"; };
		3E71D5FB1C90598D001DEF9A /* FUISegmentedControl.h */ = {isa = PBXFileReference; fileEncoding = 4; lastKnownFileType = sourcecode.c.h; path = FUISegmentedControl.h; sourceTree = "<group>"; };
		3E71D5FC1C90598D001DEF9A /* FUISegmentedControl.m */ = {isa = PBXFileReference; fileEncoding = 4; lastKnownFileType = sourcecode.c.objc; path = FUISegmentedControl.m; sourceTree = "<group>"; };
		3E71D5FD1C90598D001DEF9A /* FUISwitch.h */ = {isa = PBXFileReference; fileEncoding = 4; lastKnownFileType = sourcecode.c.h; path = FUISwitch.h; sourceTree = "<group>"; };
		3E71D5FE1C90598D001DEF9A /* FUISwitch.m */ = {isa = PBXFileReference; fileEncoding = 4; lastKnownFileType = sourcecode.c.objc; path = FUISwitch.m; sourceTree = "<group>"; };
		3E71D5FF1C90598D001DEF9A /* FUITextField.h */ = {isa = PBXFileReference; fileEncoding = 4; lastKnownFileType = sourcecode.c.h; path = FUITextField.h; sourceTree = "<group>"; };
		3E71D6001C90598D001DEF9A /* FUITextField.m */ = {isa = PBXFileReference; fileEncoding = 4; lastKnownFileType = sourcecode.c.objc; path = FUITextField.m; sourceTree = "<group>"; };
		3E71D6011C90598D001DEF9A /* NSString+Icons.h */ = {isa = PBXFileReference; fileEncoding = 4; lastKnownFileType = sourcecode.c.h; path = "NSString+Icons.h"; sourceTree = "<group>"; };
		3E71D6021C90598D001DEF9A /* NSString+Icons.m */ = {isa = PBXFileReference; fileEncoding = 4; lastKnownFileType = sourcecode.c.objc; path = "NSString+Icons.m"; sourceTree = "<group>"; };
		3E71D6031C90598D001DEF9A /* UIBarButtonItem+FlatUI.h */ = {isa = PBXFileReference; fileEncoding = 4; lastKnownFileType = sourcecode.c.h; path = "UIBarButtonItem+FlatUI.h"; sourceTree = "<group>"; };
		3E71D6041C90598D001DEF9A /* UIBarButtonItem+FlatUI.m */ = {isa = PBXFileReference; fileEncoding = 4; lastKnownFileType = sourcecode.c.objc; path = "UIBarButtonItem+FlatUI.m"; sourceTree = "<group>"; };
		3E71D6051C90598D001DEF9A /* UIColor+FlatUI.h */ = {isa = PBXFileReference; fileEncoding = 4; lastKnownFileType = sourcecode.c.h; path = "UIColor+FlatUI.h"; sourceTree = "<group>"; };
		3E71D6061C90598E001DEF9A /* UIColor+FlatUI.m */ = {isa = PBXFileReference; fileEncoding = 4; lastKnownFileType = sourcecode.c.objc; path = "UIColor+FlatUI.m"; sourceTree = "<group>"; };
		3E71D6071C90598E001DEF9A /* UIFont+FlatUI.h */ = {isa = PBXFileReference; fileEncoding = 4; lastKnownFileType = sourcecode.c.h; path = "UIFont+FlatUI.h"; sourceTree = "<group>"; };
		3E71D6081C90598E001DEF9A /* UIFont+FlatUI.m */ = {isa = PBXFileReference; fileEncoding = 4; lastKnownFileType = sourcecode.c.objc; path = "UIFont+FlatUI.m"; sourceTree = "<group>"; };
		3E71D6091C90598E001DEF9A /* UIImage+FlatUI.h */ = {isa = PBXFileReference; fileEncoding = 4; lastKnownFileType = sourcecode.c.h; path = "UIImage+FlatUI.h"; sourceTree = "<group>"; };
		3E71D60A1C90598E001DEF9A /* UIImage+FlatUI.m */ = {isa = PBXFileReference; fileEncoding = 4; lastKnownFileType = sourcecode.c.objc; path = "UIImage+FlatUI.m"; sourceTree = "<group>"; };
		3E71D60B1C90598E001DEF9A /* UINavigationBar+FlatUI.h */ = {isa = PBXFileReference; fileEncoding = 4; lastKnownFileType = sourcecode.c.h; path = "UINavigationBar+FlatUI.h"; sourceTree = "<group>"; };
		3E71D60C1C90598E001DEF9A /* UINavigationBar+FlatUI.m */ = {isa = PBXFileReference; fileEncoding = 4; lastKnownFileType = sourcecode.c.objc; path = "UINavigationBar+FlatUI.m"; sourceTree = "<group>"; };
		3E71D60D1C90598E001DEF9A /* UIPopoverController+FlatUI.h */ = {isa = PBXFileReference; fileEncoding = 4; lastKnownFileType = sourcecode.c.h; path = "UIPopoverController+FlatUI.h"; sourceTree = "<group>"; };
		3E71D60E1C90598E001DEF9A /* UIPopoverController+FlatUI.m */ = {isa = PBXFileReference; fileEncoding = 4; lastKnownFileType = sourcecode.c.objc; path = "UIPopoverController+FlatUI.m"; sourceTree = "<group>"; };
		3E71D60F1C90598E001DEF9A /* UIProgressView+FlatUI.h */ = {isa = PBXFileReference; fileEncoding = 4; lastKnownFileType = sourcecode.c.h; path = "UIProgressView+FlatUI.h"; sourceTree = "<group>"; };
		3E71D6101C90598E001DEF9A /* UIProgressView+FlatUI.m */ = {isa = PBXFileReference; fileEncoding = 4; lastKnownFileType = sourcecode.c.objc; path = "UIProgressView+FlatUI.m"; sourceTree = "<group>"; };
		3E71D6111C90598E001DEF9A /* UISlider+FlatUI.h */ = {isa = PBXFileReference; fileEncoding = 4; lastKnownFileType = sourcecode.c.h; path = "UISlider+FlatUI.h"; sourceTree = "<group>"; };
		3E71D6121C90598E001DEF9A /* UISlider+FlatUI.m */ = {isa = PBXFileReference; fileEncoding = 4; lastKnownFileType = sourcecode.c.objc; path = "UISlider+FlatUI.m"; sourceTree = "<group>"; };
		3E71D6131C90598E001DEF9A /* UIStepper+FlatUI.h */ = {isa = PBXFileReference; fileEncoding = 4; lastKnownFileType = sourcecode.c.h; path = "UIStepper+FlatUI.h"; sourceTree = "<group>"; };
		3E71D6141C90598E001DEF9A /* UIStepper+FlatUI.m */ = {isa = PBXFileReference; fileEncoding = 4; lastKnownFileType = sourcecode.c.objc; path = "UIStepper+FlatUI.m"; sourceTree = "<group>"; };
		3E71D6151C90598E001DEF9A /* UITabBar+FlatUI.h */ = {isa = PBXFileReference; fileEncoding = 4; lastKnownFileType = sourcecode.c.h; path = "UITabBar+FlatUI.h"; sourceTree = "<group>"; };
		3E71D6161C90598E001DEF9A /* UITabBar+FlatUI.m */ = {isa = PBXFileReference; fileEncoding = 4; lastKnownFileType = sourcecode.c.objc; path = "UITabBar+FlatUI.m"; sourceTree = "<group>"; };
		3E71D6171C90598E001DEF9A /* UITableViewCell+FlatUI.h */ = {isa = PBXFileReference; fileEncoding = 4; lastKnownFileType = sourcecode.c.h; path = "UITableViewCell+FlatUI.h"; sourceTree = "<group>"; };
		3E71D6181C90598E001DEF9A /* UITableViewCell+FlatUI.m */ = {isa = PBXFileReference; fileEncoding = 4; lastKnownFileType = sourcecode.c.objc; path = "UITableViewCell+FlatUI.m"; sourceTree = "<group>"; };
		3E71D6191C90598E001DEF9A /* UIToolbar+FlatUI.h */ = {isa = PBXFileReference; fileEncoding = 4; lastKnownFileType = sourcecode.c.h; path = "UIToolbar+FlatUI.h"; sourceTree = "<group>"; };
		3E71D61A1C90598E001DEF9A /* UIToolbar+FlatUI.m */ = {isa = PBXFileReference; fileEncoding = 4; lastKnownFileType = sourcecode.c.objc; path = "UIToolbar+FlatUI.m"; sourceTree = "<group>"; };
		3E71D61B1C90598E001DEF9A /* LICENSE */ = {isa = PBXFileReference; fileEncoding = 4; lastKnownFileType = text; path = LICENSE; sourceTree = "<group>"; };
		3E71D61C1C90598E001DEF9A /* README.markdown */ = {isa = PBXFileReference; fileEncoding = 4; lastKnownFileType = net.daringfireball.markdown; path = README.markdown; sourceTree = "<group>"; };
		3E71D61E1C90598E001DEF9A /* flat-ui-icons-regular.ttf */ = {isa = PBXFileReference; lastKnownFileType = file; path = "flat-ui-icons-regular.ttf"; sourceTree = "<group>"; };
		3E71D61F1C90598E001DEF9A /* Lato-Bold.ttf */ = {isa = PBXFileReference; lastKnownFileType = file; path = "Lato-Bold.ttf"; sourceTree = "<group>"; };
		3E71D6201C90598E001DEF9A /* Lato-Italic.ttf */ = {isa = PBXFileReference; lastKnownFileType = file; path = "Lato-Italic.ttf"; sourceTree = "<group>"; };
		3E71D6211C90598E001DEF9A /* Lato-Light.ttf */ = {isa = PBXFileReference; lastKnownFileType = file; path = "Lato-Light.ttf"; sourceTree = "<group>"; };
		3E71D6221C90598E001DEF9A /* Lato-Regular.ttf */ = {isa = PBXFileReference; lastKnownFileType = file; path = "Lato-Regular.ttf"; sourceTree = "<group>"; };
		3E71D6231C90598E001DEF9A /* Foundation+Log.m */ = {isa = PBXFileReference; fileEncoding = 4; lastKnownFileType = sourcecode.c.objc; name = "Foundation+Log.m"; path = "dianpingapi/Foundation+Log.m"; sourceTree = "<group>"; };
		3E71D6251C90598E001DEF9A /* MBProgressHUD.h */ = {isa = PBXFileReference; fileEncoding = 4; lastKnownFileType = sourcecode.c.h; path = MBProgressHUD.h; sourceTree = "<group>"; };
		3E71D6261C90598E001DEF9A /* MBProgressHUD.m */ = {isa = PBXFileReference; fileEncoding = 4; lastKnownFileType = sourcecode.c.objc; path = MBProgressHUD.m; sourceTree = "<group>"; };
		3E71D6291C90598E001DEF9A /* MJRefreshAutoFooter.h */ = {isa = PBXFileReference; fileEncoding = 4; lastKnownFileType = sourcecode.c.h; path = MJRefreshAutoFooter.h; sourceTree = "<group>"; };
		3E71D62A1C90598E001DEF9A /* MJRefreshAutoFooter.m */ = {isa = PBXFileReference; fileEncoding = 4; lastKnownFileType = sourcecode.c.objc; path = MJRefreshAutoFooter.m; sourceTree = "<group>"; };
		3E71D62B1C90598E001DEF9A /* MJRefreshBackFooter.h */ = {isa = PBXFileReference; fileEncoding = 4; lastKnownFileType = sourcecode.c.h; path = MJRefreshBackFooter.h; sourceTree = "<group>"; };
		3E71D62C1C90598E001DEF9A /* MJRefreshBackFooter.m */ = {isa = PBXFileReference; fileEncoding = 4; lastKnownFileType = sourcecode.c.objc; path = MJRefreshBackFooter.m; sourceTree = "<group>"; };
		3E71D62D1C90598E001DEF9A /* MJRefreshComponent.h */ = {isa = PBXFileReference; fileEncoding = 4; lastKnownFileType = sourcecode.c.h; path = MJRefreshComponent.h; sourceTree = "<group>"; };
		3E71D62E1C90598E001DEF9A /* MJRefreshComponent.m */ = {isa = PBXFileReference; fileEncoding = 4; lastKnownFileType = sourcecode.c.objc; path = MJRefreshComponent.m; sourceTree = "<group>"; };
		3E71D62F1C90598E001DEF9A /* MJRefreshFooter.h */ = {isa = PBXFileReference; fileEncoding = 4; lastKnownFileType = sourcecode.c.h; path = MJRefreshFooter.h; sourceTree = "<group>"; };
		3E71D6301C90598E001DEF9A /* MJRefreshFooter.m */ = {isa = PBXFileReference; fileEncoding = 4; lastKnownFileType = sourcecode.c.objc; path = MJRefreshFooter.m; sourceTree = "<group>"; };
		3E71D6311C90598E001DEF9A /* MJRefreshHeader.h */ = {isa = PBXFileReference; fileEncoding = 4; lastKnownFileType = sourcecode.c.h; path = MJRefreshHeader.h; sourceTree = "<group>"; };
		3E71D6321C90598E001DEF9A /* MJRefreshHeader.m */ = {isa = PBXFileReference; fileEncoding = 4; lastKnownFileType = sourcecode.c.objc; path = MJRefreshHeader.m; sourceTree = "<group>"; };
		3E71D6361C90598E001DEF9A /* MJRefreshAutoGifFooter.h */ = {isa = PBXFileReference; fileEncoding = 4; lastKnownFileType = sourcecode.c.h; path = MJRefreshAutoGifFooter.h; sourceTree = "<group>"; };
		3E71D6371C90598E001DEF9A /* MJRefreshAutoGifFooter.m */ = {isa = PBXFileReference; fileEncoding = 4; lastKnownFileType = sourcecode.c.objc; path = MJRefreshAutoGifFooter.m; sourceTree = "<group>"; };
		3E71D6381C90598E001DEF9A /* MJRefreshAutoNormalFooter.h */ = {isa = PBXFileReference; fileEncoding = 4; lastKnownFileType = sourcecode.c.h; path = MJRefreshAutoNormalFooter.h; sourceTree = "<group>"; };
		3E71D6391C90598E001DEF9A /* MJRefreshAutoNormalFooter.m */ = {isa = PBXFileReference; fileEncoding = 4; lastKnownFileType = sourcecode.c.objc; path = MJRefreshAutoNormalFooter.m; sourceTree = "<group>"; };
		3E71D63A1C90598E001DEF9A /* MJRefreshAutoStateFooter.h */ = {isa = PBXFileReference; fileEncoding = 4; lastKnownFileType = sourcecode.c.h; path = MJRefreshAutoStateFooter.h; sourceTree = "<group>"; };
		3E71D63B1C90598E001DEF9A /* MJRefreshAutoStateFooter.m */ = {isa = PBXFileReference; fileEncoding = 4; lastKnownFileType = sourcecode.c.objc; path = MJRefreshAutoStateFooter.m; sourceTree = "<group>"; };
		3E71D63D1C90598E001DEF9A /* MJRefreshBackGifFooter.h */ = {isa = PBXFileReference; fileEncoding = 4; lastKnownFileType = sourcecode.c.h; path = MJRefreshBackGifFooter.h; sourceTree = "<group>"; };
		3E71D63E1C90598E001DEF9A /* MJRefreshBackGifFooter.m */ = {isa = PBXFileReference; fileEncoding = 4; lastKnownFileType = sourcecode.c.objc; path = MJRefreshBackGifFooter.m; sourceTree = "<group>"; };
		3E71D63F1C90598E001DEF9A /* MJRefreshBackNormalFooter.h */ = {isa = PBXFileReference; fileEncoding = 4; lastKnownFileType = sourcecode.c.h; path = MJRefreshBackNormalFooter.h; sourceTree = "<group>"; };
		3E71D6401C90598E001DEF9A /* MJRefreshBackNormalFooter.m */ = {isa = PBXFileReference; fileEncoding = 4; lastKnownFileType = sourcecode.c.objc; path = MJRefreshBackNormalFooter.m; sourceTree = "<group>"; };
		3E71D6411C90598E001DEF9A /* MJRefreshBackStateFooter.h */ = {isa = PBXFileReference; fileEncoding = 4; lastKnownFileType = sourcecode.c.h; path = MJRefreshBackStateFooter.h; sourceTree = "<group>"; };
		3E71D6421C90598E001DEF9A /* MJRefreshBackStateFooter.m */ = {isa = PBXFileReference; fileEncoding = 4; lastKnownFileType = sourcecode.c.objc; path = MJRefreshBackStateFooter.m; sourceTree = "<group>"; };
		3E71D6441C90598E001DEF9A /* MJRefreshGifHeader.h */ = {isa = PBXFileReference; fileEncoding = 4; lastKnownFileType = sourcecode.c.h; path = MJRefreshGifHeader.h; sourceTree = "<group>"; };
		3E71D6451C90598E001DEF9A /* MJRefreshGifHeader.m */ = {isa = PBXFileReference; fileEncoding = 4; lastKnownFileType = sourcecode.c.objc; path = MJRefreshGifHeader.m; sourceTree = "<group>"; };
		3E71D6461C90598E001DEF9A /* MJRefreshNormalHeader.h */ = {isa = PBXFileReference; fileEncoding = 4; lastKnownFileType = sourcecode.c.h; path = MJRefreshNormalHeader.h; sourceTree = "<group>"; };
		3E71D6471C90598E001DEF9A /* MJRefreshNormalHeader.m */ = {isa = PBXFileReference; fileEncoding = 4; lastKnownFileType = sourcecode.c.objc; path = MJRefreshNormalHeader.m; sourceTree = "<group>"; };
		3E71D6481C90598E001DEF9A /* MJRefreshStateHeader.h */ = {isa = PBXFileReference; fileEncoding = 4; lastKnownFileType = sourcecode.c.h; path = MJRefreshStateHeader.h; sourceTree = "<group>"; };
		3E71D6491C90598E001DEF9A /* MJRefreshStateHeader.m */ = {isa = PBXFileReference; fileEncoding = 4; lastKnownFileType = sourcecode.c.objc; path = MJRefreshStateHeader.m; sourceTree = "<group>"; };
		3E71D64A1C90598E001DEF9A /* MJRefresh.bundle */ = {isa = PBXFileReference; lastKnownFileType = "wrapper.plug-in"; path = MJRefresh.bundle; sourceTree = "<group>"; };
		3E71D64B1C90598E001DEF9A /* MJRefresh.h */ = {isa = PBXFileReference; fileEncoding = 4; lastKnownFileType = sourcecode.c.h; path = MJRefresh.h; sourceTree = "<group>"; };
		3E71D64C1C90598E001DEF9A /* MJRefreshConst.h */ = {isa = PBXFileReference; fileEncoding = 4; lastKnownFileType = sourcecode.c.h; path = MJRefreshConst.h; sourceTree = "<group>"; };
		3E71D64D1C90598E001DEF9A /* MJRefreshConst.m */ = {isa = PBXFileReference; fileEncoding = 4; lastKnownFileType = sourcecode.c.objc; path = MJRefreshConst.m; sourceTree = "<group>"; };
		3E71D64E1C90598E001DEF9A /* UIScrollView+MJExtension.h */ = {isa = PBXFileReference; fileEncoding = 4; lastKnownFileType = sourcecode.c.h; path = "UIScrollView+MJExtension.h"; sourceTree = "<group>"; };
		3E71D64F1C90598E001DEF9A /* UIScrollView+MJExtension.m */ = {isa = PBXFileReference; fileEncoding = 4; lastKnownFileType = sourcecode.c.objc; path = "UIScrollView+MJExtension.m"; sourceTree = "<group>"; };
		3E71D6501C90598E001DEF9A /* UIScrollView+MJRefresh.h */ = {isa = PBXFileReference; fileEncoding = 4; lastKnownFileType = sourcecode.c.h; path = "UIScrollView+MJRefresh.h"; sourceTree = "<group>"; };
		3E71D6511C90598E001DEF9A /* UIScrollView+MJRefresh.m */ = {isa = PBXFileReference; fileEncoding = 4; lastKnownFileType = sourcecode.c.objc; path = "UIScrollView+MJRefresh.m"; sourceTree = "<group>"; };
		3E71D6521C90598E001DEF9A /* UIView+MJExtension.h */ = {isa = PBXFileReference; fileEncoding = 4; lastKnownFileType = sourcecode.c.h; path = "UIView+MJExtension.h"; sourceTree = "<group>"; };
		3E71D6531C90598E001DEF9A /* UIView+MJExtension.m */ = {isa = PBXFileReference; fileEncoding = 4; lastKnownFileType = sourcecode.c.objc; path = "UIView+MJExtension.m"; sourceTree = "<group>"; };
		3E71D6551C90598E001DEF9A /* MKAnnotationView+WebCache.h */ = {isa = PBXFileReference; fileEncoding = 4; lastKnownFileType = sourcecode.c.h; path = "MKAnnotationView+WebCache.h"; sourceTree = "<group>"; };
		3E71D6561C90598E001DEF9A /* MKAnnotationView+WebCache.m */ = {isa = PBXFileReference; fileEncoding = 4; lastKnownFileType = sourcecode.c.objc; path = "MKAnnotationView+WebCache.m"; sourceTree = "<group>"; };
		3E71D6571C90598E001DEF9A /* NSData+ImageContentType.h */ = {isa = PBXFileReference; fileEncoding = 4; lastKnownFileType = sourcecode.c.h; path = "NSData+ImageContentType.h"; sourceTree = "<group>"; };
		3E71D6581C90598E001DEF9A /* NSData+ImageContentType.m */ = {isa = PBXFileReference; fileEncoding = 4; lastKnownFileType = sourcecode.c.objc; path = "NSData+ImageContentType.m"; sourceTree = "<group>"; };
		3E71D6591C90598E001DEF9A /* SDImageCache.h */ = {isa = PBXFileReference; fileEncoding = 4; lastKnownFileType = sourcecode.c.h; path = SDImageCache.h; sourceTree = "<group>"; };
		3E71D65A1C90598E001DEF9A /* SDImageCache.m */ = {isa = PBXFileReference; fileEncoding = 4; lastKnownFileType = sourcecode.c.objc; path = SDImageCache.m; sourceTree = "<group>"; };
		3E71D65B1C90598E001DEF9A /* SDWebImageCompat.h */ = {isa = PBXFileReference; fileEncoding = 4; lastKnownFileType = sourcecode.c.h; path = SDWebImageCompat.h; sourceTree = "<group>"; };
		3E71D65C1C90598E001DEF9A /* SDWebImageCompat.m */ = {isa = PBXFileReference; fileEncoding = 4; lastKnownFileType = sourcecode.c.objc; path = SDWebImageCompat.m; sourceTree = "<group>"; };
		3E71D65D1C90598E001DEF9A /* SDWebImageDecoder.h */ = {isa = PBXFileReference; fileEncoding = 4; lastKnownFileType = sourcecode.c.h; path = SDWebImageDecoder.h; sourceTree = "<group>"; };
		3E71D65E1C90598E001DEF9A /* SDWebImageDecoder.m */ = {isa = PBXFileReference; fileEncoding = 4; lastKnownFileType = sourcecode.c.objc; path = SDWebImageDecoder.m; sourceTree = "<group>"; };
		3E71D65F1C90598E001DEF9A /* SDWebImageDownloader.h */ = {isa = PBXFileReference; fileEncoding = 4; lastKnownFileType = sourcecode.c.h; path = SDWebImageDownloader.h; sourceTree = "<group>"; };
		3E71D6601C90598E001DEF9A /* SDWebImageDownloader.m */ = {isa = PBXFileReference; fileEncoding = 4; lastKnownFileType = sourcecode.c.objc; path = SDWebImageDownloader.m; sourceTree = "<group>"; };
		3E71D6611C90598E001DEF9A /* SDWebImageDownloaderOperation.h */ = {isa = PBXFileReference; fileEncoding = 4; lastKnownFileType = sourcecode.c.h; path = SDWebImageDownloaderOperation.h; sourceTree = "<group>"; };
		3E71D6621C90598E001DEF9A /* SDWebImageDownloaderOperation.m */ = {isa = PBXFileReference; fileEncoding = 4; lastKnownFileType = sourcecode.c.objc; path = SDWebImageDownloaderOperation.m; sourceTree = "<group>"; };
		3E71D6631C90598E001DEF9A /* SDWebImageManager.h */ = {isa = PBXFileReference; fileEncoding = 4; lastKnownFileType = sourcecode.c.h; path = SDWebImageManager.h; sourceTree = "<group>"; };
		3E71D6641C90598E001DEF9A /* SDWebImageManager.m */ = {isa = PBXFileReference; fileEncoding = 4; lastKnownFileType = sourcecode.c.objc; path = SDWebImageManager.m; sourceTree = "<group>"; };
		3E71D6651C90598E001DEF9A /* SDWebImageOperation.h */ = {isa = PBXFileReference; fileEncoding = 4; lastKnownFileType = sourcecode.c.h; path = SDWebImageOperation.h; sourceTree = "<group>"; };
		3E71D6661C90598E001DEF9A /* SDWebImagePrefetcher.h */ = {isa = PBXFileReference; fileEncoding = 4; lastKnownFileType = sourcecode.c.h; path = SDWebImagePrefetcher.h; sourceTree = "<group>"; };
		3E71D6671C90598E001DEF9A /* SDWebImagePrefetcher.m */ = {isa = PBXFileReference; fileEncoding = 4; lastKnownFileType = sourcecode.c.objc; path = SDWebImagePrefetcher.m; sourceTree = "<group>"; };
		3E71D6681C90598E001DEF9A /* UIButton+WebCache.h */ = {isa = PBXFileReference; fileEncoding = 4; lastKnownFileType = sourcecode.c.h; path = "UIButton+WebCache.h"; sourceTree = "<group>"; };
		3E71D6691C90598E001DEF9A /* UIButton+WebCache.m */ = {isa = PBXFileReference; fileEncoding = 4; lastKnownFileType = sourcecode.c.objc; path = "UIButton+WebCache.m"; sourceTree = "<group>"; };
		3E71D66A1C90598E001DEF9A /* UIImage+GIF.h */ = {isa = PBXFileReference; fileEncoding = 4; lastKnownFileType = sourcecode.c.h; path = "UIImage+GIF.h"; sourceTree = "<group>"; };
		3E71D66B1C90598E001DEF9A /* UIImage+GIF.m */ = {isa = PBXFileReference; fileEncoding = 4; lastKnownFileType = sourcecode.c.objc; path = "UIImage+GIF.m"; sourceTree = "<group>"; };
		3E71D66C1C90598E001DEF9A /* UIImage+MultiFormat.h */ = {isa = PBXFileReference; fileEncoding = 4; lastKnownFileType = sourcecode.c.h; path = "UIImage+MultiFormat.h"; sourceTree = "<group>"; };
		3E71D66D1C90598E001DEF9A /* UIImage+MultiFormat.m */ = {isa = PBXFileReference; fileEncoding = 4; lastKnownFileType = sourcecode.c.objc; path = "UIImage+MultiFormat.m"; sourceTree = "<group>"; };
		3E71D66E1C90598E001DEF9A /* UIImage+WebP.h */ = {isa = PBXFileReference; fileEncoding = 4; lastKnownFileType = sourcecode.c.h; path = "UIImage+WebP.h"; sourceTree = "<group>"; };
		3E71D66F1C90598E001DEF9A /* UIImage+WebP.m */ = {isa = PBXFileReference; fileEncoding = 4; lastKnownFileType = sourcecode.c.objc; path = "UIImage+WebP.m"; sourceTree = "<group>"; };
		3E71D6701C90598E001DEF9A /* UIImageView+HighlightedWebCache.h */ = {isa = PBXFileReference; fileEncoding = 4; lastKnownFileType = sourcecode.c.h; path = "UIImageView+HighlightedWebCache.h"; sourceTree = "<group>"; };
		3E71D6711C90598E001DEF9A /* UIImageView+HighlightedWebCache.m */ = {isa = PBXFileReference; fileEncoding = 4; lastKnownFileType = sourcecode.c.objc; path = "UIImageView+HighlightedWebCache.m"; sourceTree = "<group>"; };
		3E71D6721C90598E001DEF9A /* UIImageView+WebCache.h */ = {isa = PBXFileReference; fileEncoding = 4; lastKnownFileType = sourcecode.c.h; path = "UIImageView+WebCache.h"; sourceTree = "<group>"; };
		3E71D6731C90598E001DEF9A /* UIImageView+WebCache.m */ = {isa = PBXFileReference; fileEncoding = 4; lastKnownFileType = sourcecode.c.objc; path = "UIImageView+WebCache.m"; sourceTree = "<group>"; };
		3E71D6741C90598E001DEF9A /* UIView+WebCacheOperation.h */ = {isa = PBXFileReference; fileEncoding = 4; lastKnownFileType = sourcecode.c.h; path = "UIView+WebCacheOperation.h"; sourceTree = "<group>"; };
		3E71D6751C90598E001DEF9A /* UIView+WebCacheOperation.m */ = {isa = PBXFileReference; fileEncoding = 4; lastKnownFileType = sourcecode.c.objc; path = "UIView+WebCacheOperation.m"; sourceTree = "<group>"; };
		3E71D6B61C9059D0001DEF9A /* RTBaseNavController.h */ = {isa = PBXFileReference; fileEncoding = 4; lastKnownFileType = sourcecode.c.h; path = RTBaseNavController.h; sourceTree = "<group>"; };
		3E71D6B71C9059D0001DEF9A /* RTBaseNavController.m */ = {isa = PBXFileReference; fileEncoding = 4; lastKnownFileType = sourcecode.c.objc; path = RTBaseNavController.m; sourceTree = "<group>"; };
		3E71D6B91C9059F2001DEF9A /* RTMainTabViewController.h */ = {isa = PBXFileReference; fileEncoding = 4; lastKnownFileType = sourcecode.c.h; path = RTMainTabViewController.h; sourceTree = "<group>"; };
		3E71D6BA1C9059F2001DEF9A /* RTMainTabViewController.m */ = {isa = PBXFileReference; fileEncoding = 4; lastKnownFileType = sourcecode.c.objc; path = RTMainTabViewController.m; sourceTree = "<group>"; };
		3E71D6BC1C905A09001DEF9A /* RTBaseTableViewController.h */ = {isa = PBXFileReference; fileEncoding = 4; lastKnownFileType = sourcecode.c.h; path = RTBaseTableViewController.h; sourceTree = "<group>"; };
		3E71D6BD1C905A09001DEF9A /* RTBaseTableViewController.m */ = {isa = PBXFileReference; fileEncoding = 4; lastKnownFileType = sourcecode.c.objc; path = RTBaseTableViewController.m; sourceTree = "<group>"; };
		3E71D6BF1C905B0B001DEF9A /* RTBusinessViewController.h */ = {isa = PBXFileReference; fileEncoding = 4; lastKnownFileType = sourcecode.c.h; path = RTBusinessViewController.h; sourceTree = "<group>"; };
		3E71D6C01C905B0B001DEF9A /* RTBusinessViewController.m */ = {isa = PBXFileReference; fileEncoding = 4; lastKnownFileType = sourcecode.c.objc; path = RTBusinessViewController.m; sourceTree = "<group>"; };
		3E71D6C21C905B22001DEF9A /* RTHomeViewController.h */ = {isa = PBXFileReference; fileEncoding = 4; lastKnownFileType = sourcecode.c.h; path = RTHomeViewController.h; sourceTree = "<group>"; };
		3E71D6C31C905B22001DEF9A /* RTHomeViewController.m */ = {isa = PBXFileReference; fileEncoding = 4; lastKnownFileType = sourcecode.c.objc; path = RTHomeViewController.m; sourceTree = "<group>"; };
		3E71D6C61C905D7C001DEF9A /* DPAPI.h */ = {isa = PBXFileReference; fileEncoding = 4; lastKnownFileType = sourcecode.c.h; path = DPAPI.h; sourceTree = "<group>"; };
		3E71D6C71C905D7C001DEF9A /* DPAPI.m */ = {isa = PBXFileReference; fileEncoding = 4; lastKnownFileType = sourcecode.c.objc; path = DPAPI.m; sourceTree = "<group>"; };
		3E71D6C81C905D7C001DEF9A /* DPConstants.h */ = {isa = PBXFileReference; fileEncoding = 4; lastKnownFileType = sourcecode.c.h; path = DPConstants.h; sourceTree = "<group>"; };
		3E71D6C91C905D7C001DEF9A /* DPRequest.h */ = {isa = PBXFileReference; fileEncoding = 4; lastKnownFileType = sourcecode.c.h; path = DPRequest.h; sourceTree = "<group>"; };
		3E71D6CA1C905D7C001DEF9A /* DPRequest.m */ = {isa = PBXFileReference; fileEncoding = 4; lastKnownFileType = sourcecode.c.objc; path = DPRequest.m; sourceTree = "<group>"; };
		3E71D6CD1C905EFB001DEF9A /* RTMetaDataTools.h */ = {isa = PBXFileReference; fileEncoding = 4; lastKnownFileType = sourcecode.c.h; path = RTMetaDataTools.h; sourceTree = "<group>"; };
		3E71D6CE1C905EFB001DEF9A /* RTMetaDataTools.m */ = {isa = PBXFileReference; fileEncoding = 4; lastKnownFileType = sourcecode.c.objc; path = RTMetaDataTools.m; sourceTree = "<group>"; };
		3E71D6D01C905F4D001DEF9A /* TRMainTableViewCell.h */ = {isa = PBXFileReference; fileEncoding = 4; lastKnownFileType = sourcecode.c.h; path = TRMainTableViewCell.h; sourceTree = "<group>"; };
		3E71D6D11C905F4D001DEF9A /* TRMainTableViewCell.m */ = {isa = PBXFileReference; fileEncoding = 4; lastKnownFileType = sourcecode.c.objc; path = TRMainTableViewCell.m; sourceTree = "<group>"; };
		3E71D6D31C905F64001DEF9A /* TRMainTableViewCell.xib */ = {isa = PBXFileReference; fileEncoding = 4; lastKnownFileType = file.xib; path = TRMainTableViewCell.xib; sourceTree = "<group>"; };
/* End PBXFileReference section */

/* Begin PBXFrameworksBuildPhase section */
		3E71D55A1C90521A001DEF9A /* Frameworks */ = {
			isa = PBXFrameworksBuildPhase;
			buildActionMask = 2147483647;
			files = (
			);
			runOnlyForDeploymentPostprocessing = 0;
		};
		3E71D5731C90521B001DEF9A /* Frameworks */ = {
			isa = PBXFrameworksBuildPhase;
			buildActionMask = 2147483647;
			files = (
			);
			runOnlyForDeploymentPostprocessing = 0;
		};
		3E71D57E1C90521B001DEF9A /* Frameworks */ = {
			isa = PBXFrameworksBuildPhase;
			buildActionMask = 2147483647;
			files = (
			);
			runOnlyForDeploymentPostprocessing = 0;
		};
/* End PBXFrameworksBuildPhase section */

/* Begin PBXGroup section */
		3E71D5541C90521A001DEF9A = {
			isa = PBXGroup;
			children = (
				3E71D55F1C90521A001DEF9A /* SleepAfterReading */,
				3E71D5791C90521B001DEF9A /* SleepAfterReadingTests */,
				3E71D5841C90521B001DEF9A /* SleepAfterReadingUITests */,
				3E71D55E1C90521A001DEF9A /* Products */,
			);
			sourceTree = "<group>";
		};
		3E71D55E1C90521A001DEF9A /* Products */ = {
			isa = PBXGroup;
			children = (
				3E71D55D1C90521A001DEF9A /* SleepAfterReading.app */,
				3E71D5761C90521B001DEF9A /* SleepAfterReadingTests.xctest */,
				3E71D5811C90521B001DEF9A /* SleepAfterReadingUITests.xctest */,
			);
			name = Products;
			sourceTree = "<group>";
		};
		3E71D55F1C90521A001DEF9A /* SleepAfterReading */ = {
			isa = PBXGroup;
			children = (
				3E71D5D21C90595E001DEF9A /* Business */,
				3E71D5D61C90595E001DEF9A /* Home */,
				3E71D5DA1C90595F001DEF9A /* Libs */,
				3E71D5DB1C90595F001DEF9A /* Me */,
				3E71D5DF1C90595F001DEF9A /* Resource */,
				3E71D5E11C90595F001DEF9A /* Utilities */,
				3E71D5631C90521A001DEF9A /* AppDelegate.h */,
				3E71D5641C90521A001DEF9A /* AppDelegate.m */,
				3E71D5661C90521A001DEF9A /* ViewController.h */,
				3E71D5671C90521A001DEF9A /* ViewController.m */,
				3E71D5691C90521A001DEF9A /* Main.storyboard */,
				3E71D56C1C90521A001DEF9A /* Assets.xcassets */,
				3E71D56E1C90521A001DEF9A /* LaunchScreen.storyboard */,
				3E71D5711C90521A001DEF9A /* Info.plist */,
				3E71D5601C90521A001DEF9A /* Supporting Files */,
			);
			path = SleepAfterReading;
			sourceTree = "<group>";
		};
		3E71D5601C90521A001DEF9A /* Supporting Files */ = {
			isa = PBXGroup;
			children = (
				3E71D5611C90521A001DEF9A /* main.m */,
			);
			name = "Supporting Files";
			sourceTree = "<group>";
		};
		3E71D5791C90521B001DEF9A /* SleepAfterReadingTests */ = {
			isa = PBXGroup;
			children = (
				3E71D57A1C90521B001DEF9A /* SleepAfterReadingTests.m */,
				3E71D57C1C90521B001DEF9A /* Info.plist */,
			);
			path = SleepAfterReadingTests;
			sourceTree = "<group>";
		};
		3E71D5841C90521B001DEF9A /* SleepAfterReadingUITests */ = {
			isa = PBXGroup;
			children = (
				3E71D5851C90521B001DEF9A /* SleepAfterReadingUITests.m */,
				3E71D5871C90521B001DEF9A /* Info.plist */,
			);
			path = SleepAfterReadingUITests;
			sourceTree = "<group>";
		};
		3E71D5D21C90595E001DEF9A /* Business */ = {
			isa = PBXGroup;
			children = (
				3E71D5D31C90595E001DEF9A /* Controller */,
				3E71D5D41C90595E001DEF9A /* Model */,
				3E71D5D51C90595E001DEF9A /* View */,
			);
			path = Business;
			sourceTree = "<group>";
		};
		3E71D5D31C90595E001DEF9A /* Controller */ = {
			isa = PBXGroup;
			children = (
				3E71D6BF1C905B0B001DEF9A /* RTBusinessViewController.h */,
				3E71D6C01C905B0B001DEF9A /* RTBusinessViewController.m */,
			);
			path = Controller;
			sourceTree = "<group>";
		};
		3E71D5D41C90595E001DEF9A /* Model */ = {
			isa = PBXGroup;
			children = (
			);
			path = Model;
			sourceTree = "<group>";
		};
		3E71D5D51C90595E001DEF9A /* View */ = {
			isa = PBXGroup;
			children = (
			);
			path = View;
			sourceTree = "<group>";
		};
		3E71D5D61C90595E001DEF9A /* Home */ = {
			isa = PBXGroup;
			children = (
				3E71D5D71C90595F001DEF9A /* Controller */,
				3E71D5D81C90595F001DEF9A /* Model */,
				3E71D5D91C90595F001DEF9A /* View */,
			);
			path = Home;
			sourceTree = "<group>";
		};
		3E71D5D71C90595F001DEF9A /* Controller */ = {
			isa = PBXGroup;
			children = (
				3E71D6C21C905B22001DEF9A /* RTHomeViewController.h */,
				3E71D6C31C905B22001DEF9A /* RTHomeViewController.m */,
			);
			path = Controller;
			sourceTree = "<group>";
		};
		3E71D5D81C90595F001DEF9A /* Model */ = {
			isa = PBXGroup;
			children = (
			);
			path = Model;
			sourceTree = "<group>";
		};
		3E71D5D91C90595F001DEF9A /* View */ = {
			isa = PBXGroup;
			children = (
			);
			path = View;
			sourceTree = "<group>";
		};
		3E71D5DA1C90595F001DEF9A /* Libs */ = {
			isa = PBXGroup;
			children = (
				3E71D6C51C905D7C001DEF9A /* DPSDK */,
				3E71D5EF1C90598D001DEF9A /* FlatUIKit */,
				3E71D6231C90598E001DEF9A /* Foundation+Log.m */,
				3E71D6241C90598E001DEF9A /* MBProgressHUD */,
				3E71D6271C90598E001DEF9A /* MJRefresh */,
				3E71D6541C90598E001DEF9A /* SDWebImage */,
			);
			path = Libs;
			sourceTree = "<group>";
		};
		3E71D5DB1C90595F001DEF9A /* Me */ = {
			isa = PBXGroup;
			children = (
				3E71D5DC1C90595F001DEF9A /* Controller */,
				3E71D5DD1C90595F001DEF9A /* Model */,
				3E71D5DE1C90595F001DEF9A /* View */,
			);
			path = Me;
			sourceTree = "<group>";
		};
		3E71D5DC1C90595F001DEF9A /* Controller */ = {
			isa = PBXGroup;
			children = (
			);
			path = Controller;
			sourceTree = "<group>";
		};
		3E71D5DD1C90595F001DEF9A /* Model */ = {
			isa = PBXGroup;
			children = (
			);
			path = Model;
			sourceTree = "<group>";
		};
		3E71D5DE1C90595F001DEF9A /* View */ = {
			isa = PBXGroup;
			children = (
			);
			path = View;
			sourceTree = "<group>";
		};
		3E71D5DF1C90595F001DEF9A /* Resource */ = {
			isa = PBXGroup;
			children = (
				3E71D5E01C90595F001DEF9A /* Plist */,
			);
			path = Resource;
			sourceTree = "<group>";
		};
		3E71D5E01C90595F001DEF9A /* Plist */ = {
			isa = PBXGroup;
			children = (
			);
			path = Plist;
			sourceTree = "<group>";
		};
		3E71D5E11C90595F001DEF9A /* Utilities */ = {
			isa = PBXGroup;
			children = (
				3E71D5E21C90595F001DEF9A /* Caterory */,
				3E71D5E31C90595F001DEF9A /* Controller */,
				3E71D5E41C90595F001DEF9A /* Model */,
				3E71D5E51C90595F001DEF9A /* Tools */,
				3E71D5E61C90595F001DEF9A /* View */,
			);
			path = Utilities;
			sourceTree = "<group>";
		};
		3E71D5E21C90595F001DEF9A /* Caterory */ = {
			isa = PBXGroup;
			children = (
			);
			path = Caterory;
			sourceTree = "<group>";
		};
		3E71D5E31C90595F001DEF9A /* Controller */ = {
			isa = PBXGroup;
			children = (
				3E71D6B61C9059D0001DEF9A /* RTBaseNavController.h */,
				3E71D6B71C9059D0001DEF9A /* RTBaseNavController.m */,
				3E71D6B91C9059F2001DEF9A /* RTMainTabViewController.h */,
				3E71D6BA1C9059F2001DEF9A /* RTMainTabViewController.m */,
				3E71D6BC1C905A09001DEF9A /* RTBaseTableViewController.h */,
				3E71D6BD1C905A09001DEF9A /* RTBaseTableViewController.m */,
			);
			path = Controller;
			sourceTree = "<group>";
		};
		3E71D5E41C90595F001DEF9A /* Model */ = {
			isa = PBXGroup;
			children = (
			);
			path = Model;
			sourceTree = "<group>";
		};
		3E71D5E51C90595F001DEF9A /* Tools */ = {
			isa = PBXGroup;
			children = (
				3E71D6CD1C905EFB001DEF9A /* RTMetaDataTools.h */,
				3E71D6CE1C905EFB001DEF9A /* RTMetaDataTools.m */,
			);
			path = Tools;
			sourceTree = "<group>";
		};
		3E71D5E61C90595F001DEF9A /* View */ = {
			isa = PBXGroup;
			children = (
				3E71D6D01C905F4D001DEF9A /* TRMainTableViewCell.h */,
				3E71D6D11C905F4D001DEF9A /* TRMainTableViewCell.m */,
				3E71D6D31C905F64001DEF9A /* TRMainTableViewCell.xib */,
			);
			path = View;
			sourceTree = "<group>";
		};
		3E71D5EF1C90598D001DEF9A /* FlatUIKit */ = {
			isa = PBXGroup;
			children = (
				3E71D5F01C90598D001DEF9A /* Classes */,
				3E71D61B1C90598E001DEF9A /* LICENSE */,
				3E71D61C1C90598E001DEF9A /* README.markdown */,
				3E71D61D1C90598E001DEF9A /* Resources */,
			);
			name = FlatUIKit;
			path = dianpingapi/FlatUIKit;
			sourceTree = "<group>";
		};
		3E71D5F01C90598D001DEF9A /* Classes */ = {
			isa = PBXGroup;
			children = (
				3E71D5F11C90598D001DEF9A /* ios */,
			);
			path = Classes;
			sourceTree = "<group>";
		};
		3E71D5F11C90598D001DEF9A /* ios */ = {
			isa = PBXGroup;
			children = (
				3E71D5F21C90598D001DEF9A /* FlatUIKit.h */,
				3E71D5F31C90598D001DEF9A /* FUIAlertView.h */,
				3E71D5F41C90598D001DEF9A /* FUIAlertView.m */,
				3E71D5F51C90598D001DEF9A /* FUIButton.h */,
				3E71D5F61C90598D001DEF9A /* FUIButton.m */,
				3E71D5F71C90598D001DEF9A /* FUICellBackgroundView.h */,
				3E71D5F81C90598D001DEF9A /* FUICellBackgroundView.m */,
				3E71D5F91C90598D001DEF9A /* FUIPopoverBackgroundView.h */,
				3E71D5FA1C90598D001DEF9A /* FUIPopoverBackgroundView.m */,
				3E71D5FB1C90598D001DEF9A /* FUISegmentedControl.h */,
				3E71D5FC1C90598D001DEF9A /* FUISegmentedControl.m */,
				3E71D5FD1C90598D001DEF9A /* FUISwitch.h */,
				3E71D5FE1C90598D001DEF9A /* FUISwitch.m */,
				3E71D5FF1C90598D001DEF9A /* FUITextField.h */,
				3E71D6001C90598D001DEF9A /* FUITextField.m */,
				3E71D6011C90598D001DEF9A /* NSString+Icons.h */,
				3E71D6021C90598D001DEF9A /* NSString+Icons.m */,
				3E71D6031C90598D001DEF9A /* UIBarButtonItem+FlatUI.h */,
				3E71D6041C90598D001DEF9A /* UIBarButtonItem+FlatUI.m */,
				3E71D6051C90598D001DEF9A /* UIColor+FlatUI.h */,
				3E71D6061C90598E001DEF9A /* UIColor+FlatUI.m */,
				3E71D6071C90598E001DEF9A /* UIFont+FlatUI.h */,
				3E71D6081C90598E001DEF9A /* UIFont+FlatUI.m */,
				3E71D6091C90598E001DEF9A /* UIImage+FlatUI.h */,
				3E71D60A1C90598E001DEF9A /* UIImage+FlatUI.m */,
				3E71D60B1C90598E001DEF9A /* UINavigationBar+FlatUI.h */,
				3E71D60C1C90598E001DEF9A /* UINavigationBar+FlatUI.m */,
				3E71D60D1C90598E001DEF9A /* UIPopoverController+FlatUI.h */,
				3E71D60E1C90598E001DEF9A /* UIPopoverController+FlatUI.m */,
				3E71D60F1C90598E001DEF9A /* UIProgressView+FlatUI.h */,
				3E71D6101C90598E001DEF9A /* UIProgressView+FlatUI.m */,
				3E71D6111C90598E001DEF9A /* UISlider+FlatUI.h */,
				3E71D6121C90598E001DEF9A /* UISlider+FlatUI.m */,
				3E71D6131C90598E001DEF9A /* UIStepper+FlatUI.h */,
				3E71D6141C90598E001DEF9A /* UIStepper+FlatUI.m */,
				3E71D6151C90598E001DEF9A /* UITabBar+FlatUI.h */,
				3E71D6161C90598E001DEF9A /* UITabBar+FlatUI.m */,
				3E71D6171C90598E001DEF9A /* UITableViewCell+FlatUI.h */,
				3E71D6181C90598E001DEF9A /* UITableViewCell+FlatUI.m */,
				3E71D6191C90598E001DEF9A /* UIToolbar+FlatUI.h */,
				3E71D61A1C90598E001DEF9A /* UIToolbar+FlatUI.m */,
			);
			path = ios;
			sourceTree = "<group>";
		};
		3E71D61D1C90598E001DEF9A /* Resources */ = {
			isa = PBXGroup;
			children = (
				3E71D61E1C90598E001DEF9A /* flat-ui-icons-regular.ttf */,
				3E71D61F1C90598E001DEF9A /* Lato-Bold.ttf */,
				3E71D6201C90598E001DEF9A /* Lato-Italic.ttf */,
				3E71D6211C90598E001DEF9A /* Lato-Light.ttf */,
				3E71D6221C90598E001DEF9A /* Lato-Regular.ttf */,
			);
			path = Resources;
			sourceTree = "<group>";
		};
		3E71D6241C90598E001DEF9A /* MBProgressHUD */ = {
			isa = PBXGroup;
			children = (
				3E71D6251C90598E001DEF9A /* MBProgressHUD.h */,
				3E71D6261C90598E001DEF9A /* MBProgressHUD.m */,
			);
			name = MBProgressHUD;
			path = dianpingapi/MBProgressHUD;
			sourceTree = "<group>";
		};
		3E71D6271C90598E001DEF9A /* MJRefresh */ = {
			isa = PBXGroup;
			children = (
				3E71D6281C90598E001DEF9A /* Base */,
				3E71D6331C90598E001DEF9A /* Custom */,
				3E71D64A1C90598E001DEF9A /* MJRefresh.bundle */,
				3E71D64B1C90598E001DEF9A /* MJRefresh.h */,
				3E71D64C1C90598E001DEF9A /* MJRefreshConst.h */,
				3E71D64D1C90598E001DEF9A /* MJRefreshConst.m */,
				3E71D64E1C90598E001DEF9A /* UIScrollView+MJExtension.h */,
				3E71D64F1C90598E001DEF9A /* UIScrollView+MJExtension.m */,
				3E71D6501C90598E001DEF9A /* UIScrollView+MJRefresh.h */,
				3E71D6511C90598E001DEF9A /* UIScrollView+MJRefresh.m */,
				3E71D6521C90598E001DEF9A /* UIView+MJExtension.h */,
				3E71D6531C90598E001DEF9A /* UIView+MJExtension.m */,
			);
			name = MJRefresh;
			path = dianpingapi/MJRefresh;
			sourceTree = "<group>";
		};
		3E71D6281C90598E001DEF9A /* Base */ = {
			isa = PBXGroup;
			children = (
				3E71D6291C90598E001DEF9A /* MJRefreshAutoFooter.h */,
				3E71D62A1C90598E001DEF9A /* MJRefreshAutoFooter.m */,
				3E71D62B1C90598E001DEF9A /* MJRefreshBackFooter.h */,
				3E71D62C1C90598E001DEF9A /* MJRefreshBackFooter.m */,
				3E71D62D1C90598E001DEF9A /* MJRefreshComponent.h */,
				3E71D62E1C90598E001DEF9A /* MJRefreshComponent.m */,
				3E71D62F1C90598E001DEF9A /* MJRefreshFooter.h */,
				3E71D6301C90598E001DEF9A /* MJRefreshFooter.m */,
				3E71D6311C90598E001DEF9A /* MJRefreshHeader.h */,
				3E71D6321C90598E001DEF9A /* MJRefreshHeader.m */,
			);
			path = Base;
			sourceTree = "<group>";
		};
		3E71D6331C90598E001DEF9A /* Custom */ = {
			isa = PBXGroup;
			children = (
				3E71D6341C90598E001DEF9A /* Footer */,
				3E71D6431C90598E001DEF9A /* Header */,
			);
			path = Custom;
			sourceTree = "<group>";
		};
		3E71D6341C90598E001DEF9A /* Footer */ = {
			isa = PBXGroup;
			children = (
				3E71D6351C90598E001DEF9A /* Auto */,
				3E71D63C1C90598E001DEF9A /* Back */,
			);
			path = Footer;
			sourceTree = "<group>";
		};
		3E71D6351C90598E001DEF9A /* Auto */ = {
			isa = PBXGroup;
			children = (
				3E71D6361C90598E001DEF9A /* MJRefreshAutoGifFooter.h */,
				3E71D6371C90598E001DEF9A /* MJRefreshAutoGifFooter.m */,
				3E71D6381C90598E001DEF9A /* MJRefreshAutoNormalFooter.h */,
				3E71D6391C90598E001DEF9A /* MJRefreshAutoNormalFooter.m */,
				3E71D63A1C90598E001DEF9A /* MJRefreshAutoStateFooter.h */,
				3E71D63B1C90598E001DEF9A /* MJRefreshAutoStateFooter.m */,
			);
			path = Auto;
			sourceTree = "<group>";
		};
		3E71D63C1C90598E001DEF9A /* Back */ = {
			isa = PBXGroup;
			children = (
				3E71D63D1C90598E001DEF9A /* MJRefreshBackGifFooter.h */,
				3E71D63E1C90598E001DEF9A /* MJRefreshBackGifFooter.m */,
				3E71D63F1C90598E001DEF9A /* MJRefreshBackNormalFooter.h */,
				3E71D6401C90598E001DEF9A /* MJRefreshBackNormalFooter.m */,
				3E71D6411C90598E001DEF9A /* MJRefreshBackStateFooter.h */,
				3E71D6421C90598E001DEF9A /* MJRefreshBackStateFooter.m */,
			);
			path = Back;
			sourceTree = "<group>";
		};
		3E71D6431C90598E001DEF9A /* Header */ = {
			isa = PBXGroup;
			children = (
				3E71D6441C90598E001DEF9A /* MJRefreshGifHeader.h */,
				3E71D6451C90598E001DEF9A /* MJRefreshGifHeader.m */,
				3E71D6461C90598E001DEF9A /* MJRefreshNormalHeader.h */,
				3E71D6471C90598E001DEF9A /* MJRefreshNormalHeader.m */,
				3E71D6481C90598E001DEF9A /* MJRefreshStateHeader.h */,
				3E71D6491C90598E001DEF9A /* MJRefreshStateHeader.m */,
			);
			path = Header;
			sourceTree = "<group>";
		};
		3E71D6541C90598E001DEF9A /* SDWebImage */ = {
			isa = PBXGroup;
			children = (
				3E71D6551C90598E001DEF9A /* MKAnnotationView+WebCache.h */,
				3E71D6561C90598E001DEF9A /* MKAnnotationView+WebCache.m */,
				3E71D6571C90598E001DEF9A /* NSData+ImageContentType.h */,
				3E71D6581C90598E001DEF9A /* NSData+ImageContentType.m */,
				3E71D6591C90598E001DEF9A /* SDImageCache.h */,
				3E71D65A1C90598E001DEF9A /* SDImageCache.m */,
				3E71D65B1C90598E001DEF9A /* SDWebImageCompat.h */,
				3E71D65C1C90598E001DEF9A /* SDWebImageCompat.m */,
				3E71D65D1C90598E001DEF9A /* SDWebImageDecoder.h */,
				3E71D65E1C90598E001DEF9A /* SDWebImageDecoder.m */,
				3E71D65F1C90598E001DEF9A /* SDWebImageDownloader.h */,
				3E71D6601C90598E001DEF9A /* SDWebImageDownloader.m */,
				3E71D6611C90598E001DEF9A /* SDWebImageDownloaderOperation.h */,
				3E71D6621C90598E001DEF9A /* SDWebImageDownloaderOperation.m */,
				3E71D6631C90598E001DEF9A /* SDWebImageManager.h */,
				3E71D6641C90598E001DEF9A /* SDWebImageManager.m */,
				3E71D6651C90598E001DEF9A /* SDWebImageOperation.h */,
				3E71D6661C90598E001DEF9A /* SDWebImagePrefetcher.h */,
				3E71D6671C90598E001DEF9A /* SDWebImagePrefetcher.m */,
				3E71D6681C90598E001DEF9A /* UIButton+WebCache.h */,
				3E71D6691C90598E001DEF9A /* UIButton+WebCache.m */,
				3E71D66A1C90598E001DEF9A /* UIImage+GIF.h */,
				3E71D66B1C90598E001DEF9A /* UIImage+GIF.m */,
				3E71D66C1C90598E001DEF9A /* UIImage+MultiFormat.h */,
				3E71D66D1C90598E001DEF9A /* UIImage+MultiFormat.m */,
				3E71D66E1C90598E001DEF9A /* UIImage+WebP.h */,
				3E71D66F1C90598E001DEF9A /* UIImage+WebP.m */,
				3E71D6701C90598E001DEF9A /* UIImageView+HighlightedWebCache.h */,
				3E71D6711C90598E001DEF9A /* UIImageView+HighlightedWebCache.m */,
				3E71D6721C90598E001DEF9A /* UIImageView+WebCache.h */,
				3E71D6731C90598E001DEF9A /* UIImageView+WebCache.m */,
				3E71D6741C90598E001DEF9A /* UIView+WebCacheOperation.h */,
				3E71D6751C90598E001DEF9A /* UIView+WebCacheOperation.m */,
			);
			name = SDWebImage;
			path = dianpingapi/SDWebImage;
			sourceTree = "<group>";
		};
		3E71D6C51C905D7C001DEF9A /* DPSDK */ = {
			isa = PBXGroup;
			children = (
				3E71D6C61C905D7C001DEF9A /* DPAPI.h */,
				3E71D6C71C905D7C001DEF9A /* DPAPI.m */,
				3E71D6C81C905D7C001DEF9A /* DPConstants.h */,
				3E71D6C91C905D7C001DEF9A /* DPRequest.h */,
				3E71D6CA1C905D7C001DEF9A /* DPRequest.m */,
			);
			path = DPSDK;
			sourceTree = "<group>";
		};
/* End PBXGroup section */

/* Begin PBXNativeTarget section */
		3E71D55C1C90521A001DEF9A /* SleepAfterReading */ = {
			isa = PBXNativeTarget;
			buildConfigurationList = 3E71D58A1C90521B001DEF9A /* Build configuration list for PBXNativeTarget "SleepAfterReading" */;
			buildPhases = (
				3E71D5591C90521A001DEF9A /* Sources */,
				3E71D55A1C90521A001DEF9A /* Frameworks */,
				3E71D55B1C90521A001DEF9A /* Resources */,
			);
			buildRules = (
			);
			dependencies = (
			);
			name = SleepAfterReading;
			productName = SleepAfterReading;
			productReference = 3E71D55D1C90521A001DEF9A /* SleepAfterReading.app */;
			productType = "com.apple.product-type.application";
		};
		3E71D5751C90521B001DEF9A /* SleepAfterReadingTests */ = {
			isa = PBXNativeTarget;
			buildConfigurationList = 3E71D58D1C90521B001DEF9A /* Build configuration list for PBXNativeTarget "SleepAfterReadingTests" */;
			buildPhases = (
				3E71D5721C90521B001DEF9A /* Sources */,
				3E71D5731C90521B001DEF9A /* Frameworks */,
				3E71D5741C90521B001DEF9A /* Resources */,
			);
			buildRules = (
			);
			dependencies = (
				3E71D5781C90521B001DEF9A /* PBXTargetDependency */,
			);
			name = SleepAfterReadingTests;
			productName = SleepAfterReadingTests;
			productReference = 3E71D5761C90521B001DEF9A /* SleepAfterReadingTests.xctest */;
			productType = "com.apple.product-type.bundle.unit-test";
		};
		3E71D5801C90521B001DEF9A /* SleepAfterReadingUITests */ = {
			isa = PBXNativeTarget;
			buildConfigurationList = 3E71D5901C90521B001DEF9A /* Build configuration list for PBXNativeTarget "SleepAfterReadingUITests" */;
			buildPhases = (
				3E71D57D1C90521B001DEF9A /* Sources */,
				3E71D57E1C90521B001DEF9A /* Frameworks */,
				3E71D57F1C90521B001DEF9A /* Resources */,
			);
			buildRules = (
			);
			dependencies = (
				3E71D5831C90521B001DEF9A /* PBXTargetDependency */,
			);
			name = SleepAfterReadingUITests;
			productName = SleepAfterReadingUITests;
			productReference = 3E71D5811C90521B001DEF9A /* SleepAfterReadingUITests.xctest */;
			productType = "com.apple.product-type.bundle.ui-testing";
		};
/* End PBXNativeTarget section */

/* Begin PBXProject section */
		3E71D5551C90521A001DEF9A /* Project object */ = {
			isa = PBXProject;
			attributes = {
				LastUpgradeCheck = 0720;
				ORGANIZATIONNAME = lin;
				TargetAttributes = {
					3E71D55C1C90521A001DEF9A = {
						CreatedOnToolsVersion = 7.2.1;
					};
					3E71D5751C90521B001DEF9A = {
						CreatedOnToolsVersion = 7.2.1;
						TestTargetID = 3E71D55C1C90521A001DEF9A;
					};
					3E71D5801C90521B001DEF9A = {
						CreatedOnToolsVersion = 7.2.1;
						TestTargetID = 3E71D55C1C90521A001DEF9A;
					};
				};
			};
			buildConfigurationList = 3E71D5581C90521A001DEF9A /* Build configuration list for PBXProject "SleepAfterReading" */;
			compatibilityVersion = "Xcode 3.2";
			developmentRegion = English;
			hasScannedForEncodings = 0;
			knownRegions = (
				en,
				Base,
			);
			mainGroup = 3E71D5541C90521A001DEF9A;
			productRefGroup = 3E71D55E1C90521A001DEF9A /* Products */;
			projectDirPath = "";
			projectRoot = "";
			targets = (
				3E71D55C1C90521A001DEF9A /* SleepAfterReading */,
				3E71D5751C90521B001DEF9A /* SleepAfterReadingTests */,
				3E71D5801C90521B001DEF9A /* SleepAfterReadingUITests */,
			);
		};
/* End PBXProject section */

/* Begin PBXResourcesBuildPhase section */
		3E71D55B1C90521A001DEF9A /* Resources */ = {
			isa = PBXResourcesBuildPhase;
			buildActionMask = 2147483647;
			files = (
				3E71D5701C90521A001DEF9A /* LaunchScreen.storyboard in Resources */,
				3E71D68E1C90598E001DEF9A /* Lato-Italic.ttf in Resources */,
				3E71D68D1C90598E001DEF9A /* Lato-Bold.ttf in Resources */,
				3E71D56D1C90521A001DEF9A /* Assets.xcassets in Resources */,
				3E71D6D41C905F64001DEF9A /* TRMainTableViewCell.xib in Resources */,
				3E71D6901C90598E001DEF9A /* Lato-Regular.ttf in Resources */,
				3E71D68A1C90598E001DEF9A /* LICENSE in Resources */,
				3E71D68C1C90598E001DEF9A /* flat-ui-icons-regular.ttf in Resources */,
				3E71D56B1C90521A001DEF9A /* Main.storyboard in Resources */,
				3E71D6A11C90598E001DEF9A /* MJRefresh.bundle in Resources */,
				3E71D68F1C90598E001DEF9A /* Lato-Light.ttf in Resources */,
			);
			runOnlyForDeploymentPostprocessing = 0;
		};
		3E71D5741C90521B001DEF9A /* Resources */ = {
			isa = PBXResourcesBuildPhase;
			buildActionMask = 2147483647;
			files = (
			);
			runOnlyForDeploymentPostprocessing = 0;
		};
		3E71D57F1C90521B001DEF9A /* Resources */ = {
			isa = PBXResourcesBuildPhase;
			buildActionMask = 2147483647;
			files = (
			);
			runOnlyForDeploymentPostprocessing = 0;
		};
/* End PBXResourcesBuildPhase section */

/* Begin PBXSourcesBuildPhase section */
		3E71D5591C90521A001DEF9A /* Sources */ = {
			isa = PBXSourcesBuildPhase;
			buildActionMask = 2147483647;
			files = (
				3E71D6771C90598E001DEF9A /* FUIButton.m in Sources */,
				3E71D6981C90598E001DEF9A /* MJRefreshAutoGifFooter.m in Sources */,
				3E71D69D1C90598E001DEF9A /* MJRefreshBackStateFooter.m in Sources */,
				3E71D6A51C90598E001DEF9A /* UIView+MJExtension.m in Sources */,
				3E71D6961C90598E001DEF9A /* MJRefreshFooter.m in Sources */,
				3E71D6781C90598E001DEF9A /* FUICellBackgroundView.m in Sources */,
				3E71D6B11C90598E001DEF9A /* UIImage+MultiFormat.m in Sources */,
				3E71D6B21C90598E001DEF9A /* UIImage+WebP.m in Sources */,
				3E71D6AA1C90598E001DEF9A /* SDWebImageDecoder.m in Sources */,
				3E71D6BE1C905A09001DEF9A /* RTBaseTableViewController.m in Sources */,
				3E71D6A91C90598E001DEF9A /* SDWebImageCompat.m in Sources */,
				3E71D6931C90598E001DEF9A /* MJRefreshAutoFooter.m in Sources */,
				3E71D6CC1C905D7C001DEF9A /* DPRequest.m in Sources */,
				3E71D67E1C90598E001DEF9A /* UIBarButtonItem+FlatUI.m in Sources */,
				3E71D6A31C90598E001DEF9A /* UIScrollView+MJExtension.m in Sources */,
				3E71D6A71C90598E001DEF9A /* NSData+ImageContentType.m in Sources */,
				3E71D6791C90598E001DEF9A /* FUIPopoverBackgroundView.m in Sources */,
				3E71D69A1C90598E001DEF9A /* MJRefreshAutoStateFooter.m in Sources */,
				3E71D6C11C905B0B001DEF9A /* RTBusinessViewController.m in Sources */,
				3E71D67F1C90598E001DEF9A /* UIColor+FlatUI.m in Sources */,
				3E71D6B31C90598E001DEF9A /* UIImageView+HighlightedWebCache.m in Sources */,
				3E71D68B1C90598E001DEF9A /* README.markdown in Sources */,
				3E71D6891C90598E001DEF9A /* UIToolbar+FlatUI.m in Sources */,
				3E71D6971C90598E001DEF9A /* MJRefreshHeader.m in Sources */,
				3E71D6D21C905F4D001DEF9A /* TRMainTableViewCell.m in Sources */,
				3E71D6CF1C905EFB001DEF9A /* RTMetaDataTools.m in Sources */,
				3E71D67B1C90598E001DEF9A /* FUISwitch.m in Sources */,
				3E71D6CB1C905D7C001DEF9A /* DPAPI.m in Sources */,
				3E71D6AB1C90598E001DEF9A /* SDWebImageDownloader.m in Sources */,
				3E71D6AF1C90598E001DEF9A /* UIButton+WebCache.m in Sources */,
				3E71D67D1C90598E001DEF9A /* NSString+Icons.m in Sources */,
				3E71D67C1C90598E001DEF9A /* FUITextField.m in Sources */,
				3E71D6851C90598E001DEF9A /* UISlider+FlatUI.m in Sources */,
				3E71D67A1C90598E001DEF9A /* FUISegmentedControl.m in Sources */,
				3E71D6911C90598E001DEF9A /* Foundation+Log.m in Sources */,
				3E71D6881C90598E001DEF9A /* UITableViewCell+FlatUI.m in Sources */,
				3E71D6A41C90598E001DEF9A /* UIScrollView+MJRefresh.m in Sources */,
				3E71D6AC1C90598E001DEF9A /* SDWebImageDownloaderOperation.m in Sources */,
				3E71D69C1C90598E001DEF9A /* MJRefreshBackNormalFooter.m in Sources */,
				3E71D6871C90598E001DEF9A /* UITabBar+FlatUI.m in Sources */,
				3E71D6941C90598E001DEF9A /* MJRefreshBackFooter.m in Sources */,
				3E71D6811C90598E001DEF9A /* UIImage+FlatUI.m in Sources */,
				3E71D6841C90598E001DEF9A /* UIProgressView+FlatUI.m in Sources */,
				3E71D6861C90598E001DEF9A /* UIStepper+FlatUI.m in Sources */,
				3E71D69E1C90598E001DEF9A /* MJRefreshGifHeader.m in Sources */,
				3E71D6761C90598E001DEF9A /* FUIAlertView.m in Sources */,
				3E71D6B51C90598E001DEF9A /* UIView+WebCacheOperation.m in Sources */,
				3E71D6A81C90598E001DEF9A /* SDImageCache.m in Sources */,
				3E71D6AD1C90598E001DEF9A /* SDWebImageManager.m in Sources */,
				3E71D6C41C905B22001DEF9A /* RTHomeViewController.m in Sources */,
				3E71D6991C90598E001DEF9A /* MJRefreshAutoNormalFooter.m in Sources */,
				3E71D6AE1C90598E001DEF9A /* SDWebImagePrefetcher.m in Sources */,
				3E71D69B1C90598E001DEF9A /* MJRefreshBackGifFooter.m in Sources */,
				3E71D6831C90598E001DEF9A /* UIPopoverController+FlatUI.m in Sources */,
				3E71D5681C90521A001DEF9A /* ViewController.m in Sources */,
				3E71D6821C90598E001DEF9A /* UINavigationBar+FlatUI.m in Sources */,
				3E71D5651C90521A001DEF9A /* AppDelegate.m in Sources */,
				3E71D5621C90521A001DEF9A /* main.m in Sources */,
				3E71D6BB1C9059F2001DEF9A /* RTMainTabViewController.m in Sources */,
				3E71D6B41C90598E001DEF9A /* UIImageView+WebCache.m in Sources */,
				3E71D6A01C90598E001DEF9A /* MJRefreshStateHeader.m in Sources */,
				3E71D6801C90598E001DEF9A /* UIFont+FlatUI.m in Sources */,
				3E71D6A61C90598E001DEF9A /* MKAnnotationView+WebCache.m in Sources */,
				3E71D6A21C90598E001DEF9A /* MJRefreshConst.m in Sources */,
				3E71D6921C90598E001DEF9A /* MBProgressHUD.m in Sources */,
				3E71D6B01C90598E001DEF9A /* UIImage+GIF.m in Sources */,
				3E71D6B81C9059D0001DEF9A /* RTBaseNavController.m in Sources */,
				3E71D69F1C90598E001DEF9A /* MJRefreshNormalHeader.m in Sources */,
				3E71D6951C90598E001DEF9A /* MJRefreshComponent.m in Sources */,
			);
			runOnlyForDeploymentPostprocessing = 0;
		};
		3E71D5721C90521B001DEF9A /* Sources */ = {
			isa = PBXSourcesBuildPhase;
			buildActionMask = 2147483647;
			files = (
				3E71D57B1C90521B001DEF9A /* SleepAfterReadingTests.m in Sources */,
			);
			runOnlyForDeploymentPostprocessing = 0;
		};
		3E71D57D1C90521B001DEF9A /* Sources */ = {
			isa = PBXSourcesBuildPhase;
			buildActionMask = 2147483647;
			files = (
				3E71D5861C90521B001DEF9A /* SleepAfterReadingUITests.m in Sources */,
			);
			runOnlyForDeploymentPostprocessing = 0;
		};
/* End PBXSourcesBuildPhase section */

/* Begin PBXTargetDependency section */
		3E71D5781C90521B001DEF9A /* PBXTargetDependency */ = {
			isa = PBXTargetDependency;
			target = 3E71D55C1C90521A001DEF9A /* SleepAfterReading */;
			targetProxy = 3E71D5771C90521B001DEF9A /* PBXContainerItemProxy */;
		};
		3E71D5831C90521B001DEF9A /* PBXTargetDependency */ = {
			isa = PBXTargetDependency;
			target = 3E71D55C1C90521A001DEF9A /* SleepAfterReading */;
			targetProxy = 3E71D5821C90521B001DEF9A /* PBXContainerItemProxy */;
		};
/* End PBXTargetDependency section */

/* Begin PBXVariantGroup section */
		3E71D5691C90521A001DEF9A /* Main.storyboard */ = {
			isa = PBXVariantGroup;
			children = (
				3E71D56A1C90521A001DEF9A /* Base */,
			);
			name = Main.storyboard;
			sourceTree = "<group>";
		};
		3E71D56E1C90521A001DEF9A /* LaunchScreen.storyboard */ = {
			isa = PBXVariantGroup;
			children = (
				3E71D56F1C90521A001DEF9A /* Base */,
			);
			name = LaunchScreen.storyboard;
			sourceTree = "<group>";
		};
/* End PBXVariantGroup section */

/* Begin XCBuildConfiguration section */
		3E71D5881C90521B001DEF9A /* Debug */ = {
			isa = XCBuildConfiguration;
			buildSettings = {
				ALWAYS_SEARCH_USER_PATHS = NO;
				CLANG_CXX_LANGUAGE_STANDARD = "gnu++0x";
				CLANG_CXX_LIBRARY = "libc++";
				CLANG_ENABLE_MODULES = YES;
				CLANG_ENABLE_OBJC_ARC = YES;
				CLANG_WARN_BOOL_CONVERSION = YES;
				CLANG_WARN_CONSTANT_CONVERSION = YES;
				CLANG_WARN_DIRECT_OBJC_ISA_USAGE = YES_ERROR;
				CLANG_WARN_EMPTY_BODY = YES;
				CLANG_WARN_ENUM_CONVERSION = YES;
				CLANG_WARN_INT_CONVERSION = YES;
				CLANG_WARN_OBJC_ROOT_CLASS = YES_ERROR;
				CLANG_WARN_UNREACHABLE_CODE = YES;
				CLANG_WARN__DUPLICATE_METHOD_MATCH = YES;
				"CODE_SIGN_IDENTITY[sdk=iphoneos*]" = "iPhone Developer";
				COPY_PHASE_STRIP = NO;
				DEBUG_INFORMATION_FORMAT = dwarf;
				ENABLE_STRICT_OBJC_MSGSEND = YES;
				ENABLE_TESTABILITY = YES;
				GCC_C_LANGUAGE_STANDARD = gnu99;
				GCC_DYNAMIC_NO_PIC = NO;
				GCC_NO_COMMON_BLOCKS = YES;
				GCC_OPTIMIZATION_LEVEL = 0;
				GCC_PREPROCESSOR_DEFINITIONS = (
					"DEBUG=1",
					"$(inherited)",
				);
				GCC_WARN_64_TO_32_BIT_CONVERSION = YES;
				GCC_WARN_ABOUT_RETURN_TYPE = YES_ERROR;
				GCC_WARN_UNDECLARED_SELECTOR = YES;
				GCC_WARN_UNINITIALIZED_AUTOS = YES_AGGRESSIVE;
				GCC_WARN_UNUSED_FUNCTION = YES;
				GCC_WARN_UNUSED_VARIABLE = YES;
				IPHONEOS_DEPLOYMENT_TARGET = 9.2;
				MTL_ENABLE_DEBUG_INFO = YES;
				ONLY_ACTIVE_ARCH = YES;
				SDKROOT = iphoneos;
			};
			name = Debug;
		};
		3E71D5891C90521B001DEF9A /* Release */ = {
			isa = XCBuildConfiguration;
			buildSettings = {
				ALWAYS_SEARCH_USER_PATHS = NO;
				CLANG_CXX_LANGUAGE_STANDARD = "gnu++0x";
				CLANG_CXX_LIBRARY = "libc++";
				CLANG_ENABLE_MODULES = YES;
				CLANG_ENABLE_OBJC_ARC = YES;
				CLANG_WARN_BOOL_CONVERSION = YES;
				CLANG_WARN_CONSTANT_CONVERSION = YES;
				CLANG_WARN_DIRECT_OBJC_ISA_USAGE = YES_ERROR;
				CLANG_WARN_EMPTY_BODY = YES;
				CLANG_WARN_ENUM_CONVERSION = YES;
				CLANG_WARN_INT_CONVERSION = YES;
				CLANG_WARN_OBJC_ROOT_CLASS = YES_ERROR;
				CLANG_WARN_UNREACHABLE_CODE = YES;
				CLANG_WARN__DUPLICATE_METHOD_MATCH = YES;
				"CODE_SIGN_IDENTITY[sdk=iphoneos*]" = "iPhone Developer";
				COPY_PHASE_STRIP = NO;
				DEBUG_INFORMATION_FORMAT = "dwarf-with-dsym";
				ENABLE_NS_ASSERTIONS = NO;
				ENABLE_STRICT_OBJC_MSGSEND = YES;
				GCC_C_LANGUAGE_STANDARD = gnu99;
				GCC_NO_COMMON_BLOCKS = YES;
				GCC_WARN_64_TO_32_BIT_CONVERSION = YES;
				GCC_WARN_ABOUT_RETURN_TYPE = YES_ERROR;
				GCC_WARN_UNDECLARED_SELECTOR = YES;
				GCC_WARN_UNINITIALIZED_AUTOS = YES_AGGRESSIVE;
				GCC_WARN_UNUSED_FUNCTION = YES;
				GCC_WARN_UNUSED_VARIABLE = YES;
				IPHONEOS_DEPLOYMENT_TARGET = 9.2;
				MTL_ENABLE_DEBUG_INFO = NO;
				SDKROOT = iphoneos;
				VALIDATE_PRODUCT = YES;
			};
			name = Release;
		};
		3E71D58B1C90521B001DEF9A /* Debug */ = {
			isa = XCBuildConfiguration;
			buildSettings = {
				ASSETCATALOG_COMPILER_APPICON_NAME = AppIcon;
				INFOPLIST_FILE = SleepAfterReading/Info.plist;
				LD_RUNPATH_SEARCH_PATHS = "$(inherited) @executable_path/Frameworks";
				PRODUCT_BUNDLE_IDENTIFIER = com.linhu.SleepAfterReading;
				PRODUCT_NAME = "$(TARGET_NAME)";
			};
			name = Debug;
		};
		3E71D58C1C90521B001DEF9A /* Release */ = {
			isa = XCBuildConfiguration;
			buildSettings = {
				ASSETCATALOG_COMPILER_APPICON_NAME = AppIcon;
				INFOPLIST_FILE = SleepAfterReading/Info.plist;
				LD_RUNPATH_SEARCH_PATHS = "$(inherited) @executable_path/Frameworks";
				PRODUCT_BUNDLE_IDENTIFIER = com.linhu.SleepAfterReading;
				PRODUCT_NAME = "$(TARGET_NAME)";
			};
			name = Release;
		};
		3E71D58E1C90521B001DEF9A /* Debug */ = {
			isa = XCBuildConfiguration;
			buildSettings = {
				BUNDLE_LOADER = "$(TEST_HOST)";
				INFOPLIST_FILE = SleepAfterReadingTests/Info.plist;
				LD_RUNPATH_SEARCH_PATHS = "$(inherited) @executable_path/Frameworks @loader_path/Frameworks";
				PRODUCT_BUNDLE_IDENTIFIER = com.linhu.SleepAfterReadingTests;
				PRODUCT_NAME = "$(TARGET_NAME)";
				TEST_HOST = "$(BUILT_PRODUCTS_DIR)/SleepAfterReading.app/SleepAfterReading";
			};
			name = Debug;
		};
		3E71D58F1C90521B001DEF9A /* Release */ = {
			isa = XCBuildConfiguration;
			buildSettings = {
				BUNDLE_LOADER = "$(TEST_HOST)";
				INFOPLIST_FILE = SleepAfterReadingTests/Info.plist;
				LD_RUNPATH_SEARCH_PATHS = "$(inherited) @executable_path/Frameworks @loader_path/Frameworks";
				PRODUCT_BUNDLE_IDENTIFIER = com.linhu.SleepAfterReadingTests;
				PRODUCT_NAME = "$(TARGET_NAME)";
				TEST_HOST = "$(BUILT_PRODUCTS_DIR)/SleepAfterReading.app/SleepAfterReading";
			};
			name = Release;
		};
		3E71D5911C90521B001DEF9A /* Debug */ = {
			isa = XCBuildConfiguration;
			buildSettings = {
				INFOPLIST_FILE = SleepAfterReadingUITests/Info.plist;
				LD_RUNPATH_SEARCH_PATHS = "$(inherited) @executable_path/Frameworks @loader_path/Frameworks";
				PRODUCT_BUNDLE_IDENTIFIER = com.linhu.SleepAfterReadingUITests;
				PRODUCT_NAME = "$(TARGET_NAME)";
				TEST_TARGET_NAME = SleepAfterReading;
				USES_XCTRUNNER = YES;
			};
			name = Debug;
		};
		3E71D5921C90521B001DEF9A /* Release */ = {
			isa = XCBuildConfiguration;
			buildSettings = {
				INFOPLIST_FILE = SleepAfterReadingUITests/Info.plist;
				LD_RUNPATH_SEARCH_PATHS = "$(inherited) @executable_path/Frameworks @loader_path/Frameworks";
				PRODUCT_BUNDLE_IDENTIFIER = com.linhu.SleepAfterReadingUITests;
				PRODUCT_NAME = "$(TARGET_NAME)";
				TEST_TARGET_NAME = SleepAfterReading;
				USES_XCTRUNNER = YES;
			};
			name = Release;
		};
/* End XCBuildConfiguration section */

/* Begin XCConfigurationList section */
		3E71D5581C90521A001DEF9A /* Build configuration list for PBXProject "SleepAfterReading" */ = {
			isa = XCConfigurationList;
			buildConfigurations = (
				3E71D5881C90521B001DEF9A /* Debug */,
				3E71D5891C90521B001DEF9A /* Release */,
			);
			defaultConfigurationIsVisible = 0;
			defaultConfigurationName = Release;
		};
		3E71D58A1C90521B001DEF9A /* Build configuration list for PBXNativeTarget "SleepAfterReading" */ = {
			isa = XCConfigurationList;
			buildConfigurations = (
				3E71D58B1C90521B001DEF9A /* Debug */,
				3E71D58C1C90521B001DEF9A /* Release */,
			);
			defaultConfigurationIsVisible = 0;
			defaultConfigurationName = Release;
		};
		3E71D58D1C90521B001DEF9A /* Build configuration list for PBXNativeTarget "SleepAfterReadingTests" */ = {
			isa = XCConfigurationList;
			buildConfigurations = (
				3E71D58E1C90521B001DEF9A /* Debug */,
				3E71D58F1C90521B001DEF9A /* Release */,
			);
			defaultConfigurationIsVisible = 0;
			defaultConfigurationName = Release;
		};
		3E71D5901C90521B001DEF9A /* Build configuration list for PBXNativeTarget "SleepAfterReadingUITests" */ = {
			isa = XCConfigurationList;
			buildConfigurations = (
				3E71D5911C90521B001DEF9A /* Debug */,
				3E71D5921C90521B001DEF9A /* Release */,
			);
			defaultConfigurationIsVisible = 0;
			defaultConfigurationName = Release;
		};
/* End XCConfigurationList section */
	};
	rootObject = 3E71D5551C90521A001DEF9A /* Project object */;
}
